// !$*UTF8*$!
{
	archiveVersion = 1;
	classes = {
	};
	objectVersion = 46;
	objects = {

/* Begin PBXBuildFile section */
		AB76C0E018187B3F006354FB /* UIImage+Color.m in Sources */ = {isa = PBXBuildFile; fileRef = AB76C0DF18187B3F006354FB /* UIImage+Color.m */; };
		AB802E9E18109E5200E04D11 /* Foundation.framework in Frameworks */ = {isa = PBXBuildFile; fileRef = AB802E9D18109E5200E04D11 /* Foundation.framework */; };
		AB802EA018109E5200E04D11 /* CoreGraphics.framework in Frameworks */ = {isa = PBXBuildFile; fileRef = AB802E9F18109E5200E04D11 /* CoreGraphics.framework */; };
		AB802EA218109E5200E04D11 /* UIKit.framework in Frameworks */ = {isa = PBXBuildFile; fileRef = AB802EA118109E5200E04D11 /* UIKit.framework */; };
		AB802EA818109E5200E04D11 /* InfoPlist.strings in Resources */ = {isa = PBXBuildFile; fileRef = AB802EA618109E5200E04D11 /* InfoPlist.strings */; };
		AB802EAA18109E5200E04D11 /* main.m in Sources */ = {isa = PBXBuildFile; fileRef = AB802EA918109E5200E04D11 /* main.m */; };
		AB802EB018109E5200E04D11 /* Images.xcassets in Resources */ = {isa = PBXBuildFile; fileRef = AB802EAF18109E5200E04D11 /* Images.xcassets */; };
		AB802EB718109E5200E04D11 /* XCTest.framework in Frameworks */ = {isa = PBXBuildFile; fileRef = AB802EB618109E5200E04D11 /* XCTest.framework */; };
		AB802EB818109E5200E04D11 /* Foundation.framework in Frameworks */ = {isa = PBXBuildFile; fileRef = AB802E9D18109E5200E04D11 /* Foundation.framework */; };
		AB802EB918109E5200E04D11 /* UIKit.framework in Frameworks */ = {isa = PBXBuildFile; fileRef = AB802EA118109E5200E04D11 /* UIKit.framework */; };
		AB802EC118109E5200E04D11 /* InfoPlist.strings in Resources */ = {isa = PBXBuildFile; fileRef = AB802EBF18109E5200E04D11 /* InfoPlist.strings */; };
		AB802EC318109E5200E04D11 /* OnMyBlockTests.m in Sources */ = {isa = PBXBuildFile; fileRef = AB802EC218109E5200E04D11 /* OnMyBlockTests.m */; };
		AB8C8C0F1815699B00A1B087 /* OMBMapViewControllerTests.m in Sources */ = {isa = PBXBuildFile; fileRef = ABDAA81B181563310027F04C /* OMBMapViewControllerTests.m */; };
		AB8C8C131815784B00A1B087 /* OMBImageDownloader.m in Sources */ = {isa = PBXBuildFile; fileRef = AB8C8C121815784B00A1B087 /* OMBImageDownloader.m */; };
		AB8C8C16181579EE00A1B087 /* placeholder_property.png in Resources */ = {isa = PBXBuildFile; fileRef = AB8C8C14181579EE00A1B087 /* placeholder_property.png */; };
		AB8C8C17181579EE00A1B087 /* placeholder_property@2x.png in Resources */ = {isa = PBXBuildFile; fileRef = AB8C8C15181579EE00A1B087 /* placeholder_property@2x.png */; };
		AB8C8C1918157A2600A1B087 /* marker_single@2x.png in Resources */ = {isa = PBXBuildFile; fileRef = AB8C8C1818157A2600A1B087 /* marker_single@2x.png */; };
		AB8C8C1F1815969700A1B087 /* OMBResidenceStore.m in Sources */ = {isa = PBXBuildFile; fileRef = AB8C8C1E1815969700A1B087 /* OMBResidenceStore.m */; };
		AB8C8C22181597F900A1B087 /* OMBResidence.m in Sources */ = {isa = PBXBuildFile; fileRef = AB8C8C21181597F900A1B087 /* OMBResidence.m */; };
		AB8C8C251815A1CA00A1B087 /* OMBResidenceCoverPhotoURLConnection.m in Sources */ = {isa = PBXBuildFile; fileRef = AB8C8C241815A1CA00A1B087 /* OMBResidenceCoverPhotoURLConnection.m */; };
		AB8C8C281815A62F00A1B087 /* OMBResidenceCoverPhotoDownloader.m in Sources */ = {isa = PBXBuildFile; fileRef = AB8C8C271815A62F00A1B087 /* OMBResidenceCoverPhotoDownloader.m */; };
		AB8C8C2A1815C31000A1B087 /* Accelerate.framework in Frameworks */ = {isa = PBXBuildFile; fileRef = AB8C8C291815C31000A1B087 /* Accelerate.framework */; };
		AB8C8C331815CF2A00A1B087 /* arrow_right@2x.png in Resources */ = {isa = PBXBuildFile; fileRef = AB8C8C321815CF2A00A1B087 /* arrow_right@2x.png */; };
		AB8C8C351815D0E100A1B087 /* arrow_right.png in Resources */ = {isa = PBXBuildFile; fileRef = AB8C8C341815D0E100A1B087 /* arrow_right.png */; };
		AB8C8C381815D7DC00A1B087 /* OMBResidenceDetailViewController.m in Sources */ = {isa = PBXBuildFile; fileRef = AB8C8C371815D7DC00A1B087 /* OMBResidenceDetailViewController.m */; };
		AB9B2602181196F400E6DAC4 /* location.gpx in Resources */ = {isa = PBXBuildFile; fileRef = AB9B2601181196F400E6DAC4 /* location.gpx */; };
		AB9B26091811A74E00E6DAC4 /* OMBAnnotationView.m in Sources */ = {isa = PBXBuildFile; fileRef = AB9B26081811A74E00E6DAC4 /* OMBAnnotationView.m */; };
		AB9B260F1811AA7C00E6DAC4 /* OMBAnnotation.m in Sources */ = {isa = PBXBuildFile; fileRef = AB9B260E1811AA7C00E6DAC4 /* OMBAnnotation.m */; };
		AB9B26231811AE8600E6DAC4 /* marker_single.png in Resources */ = {isa = PBXBuildFile; fileRef = AB9B26221811AE8600E6DAC4 /* marker_single.png */; };
		AB9B26271811AF7B00E6DAC4 /* OMBAnnotationStore.m in Sources */ = {isa = PBXBuildFile; fileRef = AB9B26261811AF7B00E6DAC4 /* OMBAnnotationStore.m */; };
		AB9B26391811B7ED00E6DAC4 /* OCAlgorithms.m in Sources */ = {isa = PBXBuildFile; fileRef = AB9B26311811B7ED00E6DAC4 /* OCAlgorithms.m */; };
		AB9B263A1811B7ED00E6DAC4 /* OCAnnotation.m in Sources */ = {isa = PBXBuildFile; fileRef = AB9B26331811B7ED00E6DAC4 /* OCAnnotation.m */; };
		AB9B263B1811B7ED00E6DAC4 /* OCDistance.m in Sources */ = {isa = PBXBuildFile; fileRef = AB9B26351811B7ED00E6DAC4 /* OCDistance.m */; };
		AB9B263C1811B7ED00E6DAC4 /* OCMapView.m in Sources */ = {isa = PBXBuildFile; fileRef = AB9B26381811B7ED00E6DAC4 /* OCMapView.m */; };
		AB9B26461811CB1300E6DAC4 /* NSDate+TimeAgo.m in Sources */ = {isa = PBXBuildFile; fileRef = AB9B263F1811CB1300E6DAC4 /* NSDate+TimeAgo.m */; };
		AB9B26471811CB1300E6DAC4 /* NSString+Extensions.m in Sources */ = {isa = PBXBuildFile; fileRef = AB9B26411811CB1300E6DAC4 /* NSString+Extensions.m */; };
		AB9B26481811CB1300E6DAC4 /* UIColor+Extensions.m in Sources */ = {isa = PBXBuildFile; fileRef = AB9B26431811CB1300E6DAC4 /* UIColor+Extensions.m */; };
		AB9B26491811CB1300E6DAC4 /* UIImage+Resize.m in Sources */ = {isa = PBXBuildFile; fileRef = AB9B26451811CB1300E6DAC4 /* UIImage+Resize.m */; };
		AB9B264D1811CE6D00E6DAC4 /* OMBConnection.m in Sources */ = {isa = PBXBuildFile; fileRef = AB9B264C1811CE6D00E6DAC4 /* OMBConnection.m */; };
		AB9B26501811CE8E00E6DAC4 /* OMBPropertiesConnection.m in Sources */ = {isa = PBXBuildFile; fileRef = AB9B264F1811CE8E00E6DAC4 /* OMBPropertiesConnection.m */; };
		ABB3C5701811719B00DD91C9 /* OMBAppDelegate.m in Sources */ = {isa = PBXBuildFile; fileRef = ABB3C56E1811719B00DD91C9 /* OMBAppDelegate.m */; };
		ABB3C5741811776700DD91C9 /* OMBViewController.m in Sources */ = {isa = PBXBuildFile; fileRef = ABB3C5731811776700DD91C9 /* OMBViewController.m */; };
		ABB3C5771811778000DD91C9 /* OMBMapViewController.m in Sources */ = {isa = PBXBuildFile; fileRef = ABB3C5761811778000DD91C9 /* OMBMapViewController.m */; };
		ABB3C57F1811781C00DD91C9 /* MFSideMenuContainerViewController.m in Sources */ = {isa = PBXBuildFile; fileRef = ABB3C57E1811781C00DD91C9 /* MFSideMenuContainerViewController.m */; };
		ABB3C5821811789100DD91C9 /* OMBTabBarController.m in Sources */ = {isa = PBXBuildFile; fileRef = ABB3C5811811789100DD91C9 /* OMBTabBarController.m */; };
		ABB3C585181178AE00DD91C9 /* OMBNavigationController.m in Sources */ = {isa = PBXBuildFile; fileRef = ABB3C584181178AE00DD91C9 /* OMBNavigationController.m */; };
		ABB3C58718117C1C00DD91C9 /* MapKit.framework in Frameworks */ = {isa = PBXBuildFile; fileRef = ABB3C58618117C1C00DD91C9 /* MapKit.framework */; };
		ABB3C58918117C2200DD91C9 /* CoreLocation.framework in Frameworks */ = {isa = PBXBuildFile; fileRef = ABB3C58818117C2200DD91C9 /* CoreLocation.framework */; };
		ABC48E7A1812397300F01D8D /* QuartzCore.framework in Frameworks */ = {isa = PBXBuildFile; fileRef = ABC48E791812397300F01D8D /* QuartzCore.framework */; };
		ABC48E7D18125AF000F01D8D /* OMBPropertyInfoView.m in Sources */ = {isa = PBXBuildFile; fileRef = ABC48E7C18125AF000F01D8D /* OMBPropertyInfoView.m */; };
		ABF18BA41816BC53002DD723 /* marker_circle_deselected.png in Resources */ = {isa = PBXBuildFile; fileRef = ABF18BA01816BC53002DD723 /* marker_circle_deselected.png */; };
		ABF18BA51816BC53002DD723 /* marker_circle_deselected@2x.png in Resources */ = {isa = PBXBuildFile; fileRef = ABF18BA11816BC53002DD723 /* marker_circle_deselected@2x.png */; };
		ABF18BA61816BC53002DD723 /* marker_circle_selected.png in Resources */ = {isa = PBXBuildFile; fileRef = ABF18BA21816BC53002DD723 /* marker_circle_selected.png */; };
		ABF18BA71816BC53002DD723 /* marker_circle_selected@2x.png in Resources */ = {isa = PBXBuildFile; fileRef = ABF18BA31816BC53002DD723 /* marker_circle_selected@2x.png */; };
		ABF18BAA1816C3AD002DD723 /* list_segmented_control@2x.png in Resources */ = {isa = PBXBuildFile; fileRef = ABF18BA81816C3AD002DD723 /* list_segmented_control@2x.png */; };
		ABF18BAB1816C3AD002DD723 /* map_segmented_control@2x.png in Resources */ = {isa = PBXBuildFile; fileRef = ABF18BA91816C3AD002DD723 /* map_segmented_control@2x.png */; };
		ABF18BAE1816C73B002DD723 /* OMBMapFilterViewController.m in Sources */ = {isa = PBXBuildFile; fileRef = ABF18BAD1816C73B002DD723 /* OMBMapFilterViewController.m */; };
		ABF18BB11816CC65002DD723 /* OMBNeighborhood.m in Sources */ = {isa = PBXBuildFile; fileRef = ABF18BB01816CC65002DD723 /* OMBNeighborhood.m */; };
		ABF18BB41816CCDA002DD723 /* OMBNeighborhoodStore.m in Sources */ = {isa = PBXBuildFile; fileRef = ABF18BB31816CCDA002DD723 /* OMBNeighborhoodStore.m */; };
		ABF18BBA1816D3F0002DD723 /* TextFieldPadding.m in Sources */ = {isa = PBXBuildFile; fileRef = ABF18BB91816D3F0002DD723 /* TextFieldPadding.m */; };
		ABF18BBD1816F913002DD723 /* OMBListButton.m in Sources */ = {isa = PBXBuildFile; fileRef = ABF18BBC1816F913002DD723 /* OMBListButton.m */; };
		ABF18BBF181703A3002DD723 /* search@2x.png in Resources */ = {isa = PBXBuildFile; fileRef = ABF18BBE181703A3002DD723 /* search@2x.png */; };
		ABF18BC118170EED002DD723 /* search.png in Resources */ = {isa = PBXBuildFile; fileRef = ABF18BC018170EED002DD723 /* search.png */; };
		ABF18BC418170F43002DD723 /* list_segmented_control.png in Resources */ = {isa = PBXBuildFile; fileRef = ABF18BC218170F43002DD723 /* list_segmented_control.png */; };
		ABF18BC518170F43002DD723 /* map_segmented_control.png in Resources */ = {isa = PBXBuildFile; fileRef = ABF18BC318170F43002DD723 /* map_segmented_control.png */; };
/* End PBXBuildFile section */

/* Begin PBXContainerItemProxy section */
		AB802EBA18109E5200E04D11 /* PBXContainerItemProxy */ = {
			isa = PBXContainerItemProxy;
			containerPortal = AB802E9218109E5200E04D11 /* Project object */;
			proxyType = 1;
			remoteGlobalIDString = AB802E9918109E5200E04D11;
			remoteInfo = OnMyBlock;
		};
/* End PBXContainerItemProxy section */

/* Begin PBXFileReference section */
		AB76C0DE18187B3F006354FB /* UIImage+Color.h */ = {isa = PBXFileReference; fileEncoding = 4; lastKnownFileType = sourcecode.c.h; path = "UIImage+Color.h"; sourceTree = "<group>"; };
		AB76C0DF18187B3F006354FB /* UIImage+Color.m */ = {isa = PBXFileReference; fileEncoding = 4; lastKnownFileType = sourcecode.c.objc; path = "UIImage+Color.m"; sourceTree = "<group>"; };
		AB802E9A18109E5200E04D11 /* OnMyBlock.app */ = {isa = PBXFileReference; explicitFileType = wrapper.application; includeInIndex = 0; path = OnMyBlock.app; sourceTree = BUILT_PRODUCTS_DIR; };
		AB802E9D18109E5200E04D11 /* Foundation.framework */ = {isa = PBXFileReference; lastKnownFileType = wrapper.framework; name = Foundation.framework; path = System/Library/Frameworks/Foundation.framework; sourceTree = SDKROOT; };
		AB802E9F18109E5200E04D11 /* CoreGraphics.framework */ = {isa = PBXFileReference; lastKnownFileType = wrapper.framework; name = CoreGraphics.framework; path = System/Library/Frameworks/CoreGraphics.framework; sourceTree = SDKROOT; };
		AB802EA118109E5200E04D11 /* UIKit.framework */ = {isa = PBXFileReference; lastKnownFileType = wrapper.framework; name = UIKit.framework; path = System/Library/Frameworks/UIKit.framework; sourceTree = SDKROOT; };
		AB802EA518109E5200E04D11 /* OnMyBlock-Info.plist */ = {isa = PBXFileReference; lastKnownFileType = text.plist.xml; path = "OnMyBlock-Info.plist"; sourceTree = "<group>"; };
		AB802EA718109E5200E04D11 /* en */ = {isa = PBXFileReference; lastKnownFileType = text.plist.strings; name = en; path = en.lproj/InfoPlist.strings; sourceTree = "<group>"; };
		AB802EA918109E5200E04D11 /* main.m */ = {isa = PBXFileReference; lastKnownFileType = sourcecode.c.objc; path = main.m; sourceTree = "<group>"; };
		AB802EAB18109E5200E04D11 /* OnMyBlock-Prefix.pch */ = {isa = PBXFileReference; lastKnownFileType = sourcecode.c.h; path = "OnMyBlock-Prefix.pch"; sourceTree = "<group>"; };
		AB802EAF18109E5200E04D11 /* Images.xcassets */ = {isa = PBXFileReference; lastKnownFileType = folder.assetcatalog; path = Images.xcassets; sourceTree = "<group>"; };
		AB802EB518109E5200E04D11 /* OnMyBlockTests.xctest */ = {isa = PBXFileReference; explicitFileType = wrapper.cfbundle; includeInIndex = 0; path = OnMyBlockTests.xctest; sourceTree = BUILT_PRODUCTS_DIR; };
		AB802EB618109E5200E04D11 /* XCTest.framework */ = {isa = PBXFileReference; lastKnownFileType = wrapper.framework; name = XCTest.framework; path = Library/Frameworks/XCTest.framework; sourceTree = DEVELOPER_DIR; };
		AB802EBE18109E5200E04D11 /* OnMyBlockTests-Info.plist */ = {isa = PBXFileReference; lastKnownFileType = text.plist.xml; path = "OnMyBlockTests-Info.plist"; sourceTree = "<group>"; };
		AB802EC018109E5200E04D11 /* en */ = {isa = PBXFileReference; lastKnownFileType = text.plist.strings; name = en; path = en.lproj/InfoPlist.strings; sourceTree = "<group>"; };
		AB802EC218109E5200E04D11 /* OnMyBlockTests.m */ = {isa = PBXFileReference; lastKnownFileType = sourcecode.c.objc; path = OnMyBlockTests.m; sourceTree = "<group>"; };
		AB8C8C111815784B00A1B087 /* OMBImageDownloader.h */ = {isa = PBXFileReference; fileEncoding = 4; lastKnownFileType = sourcecode.c.h; path = OMBImageDownloader.h; sourceTree = "<group>"; };
		AB8C8C121815784B00A1B087 /* OMBImageDownloader.m */ = {isa = PBXFileReference; fileEncoding = 4; lastKnownFileType = sourcecode.c.objc; path = OMBImageDownloader.m; sourceTree = "<group>"; };
		AB8C8C14181579EE00A1B087 /* placeholder_property.png */ = {isa = PBXFileReference; lastKnownFileType = image.png; path = placeholder_property.png; sourceTree = "<group>"; };
		AB8C8C15181579EE00A1B087 /* placeholder_property@2x.png */ = {isa = PBXFileReference; lastKnownFileType = image.png; path = "placeholder_property@2x.png"; sourceTree = "<group>"; };
		AB8C8C1818157A2600A1B087 /* marker_single@2x.png */ = {isa = PBXFileReference; lastKnownFileType = image.png; path = "marker_single@2x.png"; sourceTree = "<group>"; };
		AB8C8C1D1815969700A1B087 /* OMBResidenceStore.h */ = {isa = PBXFileReference; fileEncoding = 4; lastKnownFileType = sourcecode.c.h; path = OMBResidenceStore.h; sourceTree = "<group>"; };
		AB8C8C1E1815969700A1B087 /* OMBResidenceStore.m */ = {isa = PBXFileReference; fileEncoding = 4; lastKnownFileType = sourcecode.c.objc; path = OMBResidenceStore.m; sourceTree = "<group>"; };
		AB8C8C20181597F900A1B087 /* OMBResidence.h */ = {isa = PBXFileReference; fileEncoding = 4; lastKnownFileType = sourcecode.c.h; path = OMBResidence.h; sourceTree = "<group>"; };
		AB8C8C21181597F900A1B087 /* OMBResidence.m */ = {isa = PBXFileReference; fileEncoding = 4; lastKnownFileType = sourcecode.c.objc; path = OMBResidence.m; sourceTree = "<group>"; };
		AB8C8C231815A1CA00A1B087 /* OMBResidenceCoverPhotoURLConnection.h */ = {isa = PBXFileReference; fileEncoding = 4; lastKnownFileType = sourcecode.c.h; path = OMBResidenceCoverPhotoURLConnection.h; sourceTree = "<group>"; };
		AB8C8C241815A1CA00A1B087 /* OMBResidenceCoverPhotoURLConnection.m */ = {isa = PBXFileReference; fileEncoding = 4; lastKnownFileType = sourcecode.c.objc; path = OMBResidenceCoverPhotoURLConnection.m; sourceTree = "<group>"; };
		AB8C8C261815A62F00A1B087 /* OMBResidenceCoverPhotoDownloader.h */ = {isa = PBXFileReference; fileEncoding = 4; lastKnownFileType = sourcecode.c.h; path = OMBResidenceCoverPhotoDownloader.h; sourceTree = "<group>"; };
		AB8C8C271815A62F00A1B087 /* OMBResidenceCoverPhotoDownloader.m */ = {isa = PBXFileReference; fileEncoding = 4; lastKnownFileType = sourcecode.c.objc; path = OMBResidenceCoverPhotoDownloader.m; sourceTree = "<group>"; };
		AB8C8C291815C31000A1B087 /* Accelerate.framework */ = {isa = PBXFileReference; lastKnownFileType = wrapper.framework; name = Accelerate.framework; path = System/Library/Frameworks/Accelerate.framework; sourceTree = SDKROOT; };
		AB8C8C321815CF2A00A1B087 /* arrow_right@2x.png */ = {isa = PBXFileReference; lastKnownFileType = image.png; path = "arrow_right@2x.png"; sourceTree = "<group>"; };
		AB8C8C341815D0E100A1B087 /* arrow_right.png */ = {isa = PBXFileReference; lastKnownFileType = image.png; path = arrow_right.png; sourceTree = "<group>"; };
		AB8C8C361815D7DC00A1B087 /* OMBResidenceDetailViewController.h */ = {isa = PBXFileReference; fileEncoding = 4; lastKnownFileType = sourcecode.c.h; path = OMBResidenceDetailViewController.h; sourceTree = "<group>"; };
		AB8C8C371815D7DC00A1B087 /* OMBResidenceDetailViewController.m */ = {isa = PBXFileReference; fileEncoding = 4; lastKnownFileType = sourcecode.c.objc; path = OMBResidenceDetailViewController.m; sourceTree = "<group>"; };
		AB9B2601181196F400E6DAC4 /* location.gpx */ = {isa = PBXFileReference; fileEncoding = 4; lastKnownFileType = text; path = location.gpx; sourceTree = "<group>"; };
		AB9B26071811A74E00E6DAC4 /* OMBAnnotationView.h */ = {isa = PBXFileReference; fileEncoding = 4; lastKnownFileType = sourcecode.c.h; path = OMBAnnotationView.h; sourceTree = "<group>"; };
		AB9B26081811A74E00E6DAC4 /* OMBAnnotationView.m */ = {isa = PBXFileReference; fileEncoding = 4; lastKnownFileType = sourcecode.c.objc; path = OMBAnnotationView.m; sourceTree = "<group>"; };
		AB9B260D1811AA7C00E6DAC4 /* OMBAnnotation.h */ = {isa = PBXFileReference; fileEncoding = 4; lastKnownFileType = sourcecode.c.h; path = OMBAnnotation.h; sourceTree = "<group>"; };
		AB9B260E1811AA7C00E6DAC4 /* OMBAnnotation.m */ = {isa = PBXFileReference; fileEncoding = 4; lastKnownFileType = sourcecode.c.objc; path = OMBAnnotation.m; sourceTree = "<group>"; };
		AB9B26221811AE8600E6DAC4 /* marker_single.png */ = {isa = PBXFileReference; lastKnownFileType = image.png; path = marker_single.png; sourceTree = "<group>"; };
		AB9B26251811AF7B00E6DAC4 /* OMBAnnotationStore.h */ = {isa = PBXFileReference; fileEncoding = 4; lastKnownFileType = sourcecode.c.h; path = OMBAnnotationStore.h; sourceTree = "<group>"; };
		AB9B26261811AF7B00E6DAC4 /* OMBAnnotationStore.m */ = {isa = PBXFileReference; fileEncoding = 4; lastKnownFileType = sourcecode.c.objc; path = OMBAnnotationStore.m; sourceTree = "<group>"; };
		AB9B262F1811B7ED00E6DAC4 /* OCAlgorithmDelegate.h */ = {isa = PBXFileReference; fileEncoding = 4; lastKnownFileType = sourcecode.c.h; path = OCAlgorithmDelegate.h; sourceTree = "<group>"; };
		AB9B26301811B7ED00E6DAC4 /* OCAlgorithms.h */ = {isa = PBXFileReference; fileEncoding = 4; lastKnownFileType = sourcecode.c.h; path = OCAlgorithms.h; sourceTree = "<group>"; };
		AB9B26311811B7ED00E6DAC4 /* OCAlgorithms.m */ = {isa = PBXFileReference; fileEncoding = 4; lastKnownFileType = sourcecode.c.objc; path = OCAlgorithms.m; sourceTree = "<group>"; };
		AB9B26321811B7ED00E6DAC4 /* OCAnnotation.h */ = {isa = PBXFileReference; fileEncoding = 4; lastKnownFileType = sourcecode.c.h; path = OCAnnotation.h; sourceTree = "<group>"; };
		AB9B26331811B7ED00E6DAC4 /* OCAnnotation.m */ = {isa = PBXFileReference; fileEncoding = 4; lastKnownFileType = sourcecode.c.objc; path = OCAnnotation.m; sourceTree = "<group>"; };
		AB9B26341811B7ED00E6DAC4 /* OCDistance.h */ = {isa = PBXFileReference; fileEncoding = 4; lastKnownFileType = sourcecode.c.h; path = OCDistance.h; sourceTree = "<group>"; };
		AB9B26351811B7ED00E6DAC4 /* OCDistance.m */ = {isa = PBXFileReference; fileEncoding = 4; lastKnownFileType = sourcecode.c.objc; path = OCDistance.m; sourceTree = "<group>"; };
		AB9B26361811B7ED00E6DAC4 /* OCGrouping.h */ = {isa = PBXFileReference; fileEncoding = 4; lastKnownFileType = sourcecode.c.h; path = OCGrouping.h; sourceTree = "<group>"; };
		AB9B26371811B7ED00E6DAC4 /* OCMapView.h */ = {isa = PBXFileReference; fileEncoding = 4; lastKnownFileType = sourcecode.c.h; path = OCMapView.h; sourceTree = "<group>"; };
		AB9B26381811B7ED00E6DAC4 /* OCMapView.m */ = {isa = PBXFileReference; fileEncoding = 4; lastKnownFileType = sourcecode.c.objc; path = OCMapView.m; sourceTree = "<group>"; };
		AB9B263E1811CB1300E6DAC4 /* NSDate+TimeAgo.h */ = {isa = PBXFileReference; fileEncoding = 4; lastKnownFileType = sourcecode.c.h; path = "NSDate+TimeAgo.h"; sourceTree = "<group>"; };
		AB9B263F1811CB1300E6DAC4 /* NSDate+TimeAgo.m */ = {isa = PBXFileReference; fileEncoding = 4; lastKnownFileType = sourcecode.c.objc; path = "NSDate+TimeAgo.m"; sourceTree = "<group>"; };
		AB9B26401811CB1300E6DAC4 /* NSString+Extensions.h */ = {isa = PBXFileReference; fileEncoding = 4; lastKnownFileType = sourcecode.c.h; path = "NSString+Extensions.h"; sourceTree = "<group>"; };
		AB9B26411811CB1300E6DAC4 /* NSString+Extensions.m */ = {isa = PBXFileReference; fileEncoding = 4; lastKnownFileType = sourcecode.c.objc; path = "NSString+Extensions.m"; sourceTree = "<group>"; };
		AB9B26421811CB1300E6DAC4 /* UIColor+Extensions.h */ = {isa = PBXFileReference; fileEncoding = 4; lastKnownFileType = sourcecode.c.h; path = "UIColor+Extensions.h"; sourceTree = "<group>"; };
		AB9B26431811CB1300E6DAC4 /* UIColor+Extensions.m */ = {isa = PBXFileReference; fileEncoding = 4; lastKnownFileType = sourcecode.c.objc; path = "UIColor+Extensions.m"; sourceTree = "<group>"; };
		AB9B26441811CB1300E6DAC4 /* UIImage+Resize.h */ = {isa = PBXFileReference; fileEncoding = 4; lastKnownFileType = sourcecode.c.h; path = "UIImage+Resize.h"; sourceTree = "<group>"; };
		AB9B26451811CB1300E6DAC4 /* UIImage+Resize.m */ = {isa = PBXFileReference; fileEncoding = 4; lastKnownFileType = sourcecode.c.objc; path = "UIImage+Resize.m"; sourceTree = "<group>"; };
		AB9B264B1811CE6D00E6DAC4 /* OMBConnection.h */ = {isa = PBXFileReference; fileEncoding = 4; lastKnownFileType = sourcecode.c.h; path = OMBConnection.h; sourceTree = "<group>"; };
		AB9B264C1811CE6D00E6DAC4 /* OMBConnection.m */ = {isa = PBXFileReference; fileEncoding = 4; lastKnownFileType = sourcecode.c.objc; path = OMBConnection.m; sourceTree = "<group>"; };
		AB9B264E1811CE8E00E6DAC4 /* OMBPropertiesConnection.h */ = {isa = PBXFileReference; fileEncoding = 4; lastKnownFileType = sourcecode.c.h; path = OMBPropertiesConnection.h; sourceTree = "<group>"; };
		AB9B264F1811CE8E00E6DAC4 /* OMBPropertiesConnection.m */ = {isa = PBXFileReference; fileEncoding = 4; lastKnownFileType = sourcecode.c.objc; path = OMBPropertiesConnection.m; sourceTree = "<group>"; };
		ABB3C56D1811719B00DD91C9 /* OMBAppDelegate.h */ = {isa = PBXFileReference; fileEncoding = 4; lastKnownFileType = sourcecode.c.h; path = OMBAppDelegate.h; sourceTree = "<group>"; };
		ABB3C56E1811719B00DD91C9 /* OMBAppDelegate.m */ = {isa = PBXFileReference; fileEncoding = 4; lastKnownFileType = sourcecode.c.objc; path = OMBAppDelegate.m; sourceTree = "<group>"; };
		ABB3C5721811776700DD91C9 /* OMBViewController.h */ = {isa = PBXFileReference; fileEncoding = 4; lastKnownFileType = sourcecode.c.h; path = OMBViewController.h; sourceTree = "<group>"; };
		ABB3C5731811776700DD91C9 /* OMBViewController.m */ = {isa = PBXFileReference; fileEncoding = 4; lastKnownFileType = sourcecode.c.objc; path = OMBViewController.m; sourceTree = "<group>"; };
		ABB3C5751811778000DD91C9 /* OMBMapViewController.h */ = {isa = PBXFileReference; fileEncoding = 4; lastKnownFileType = sourcecode.c.h; path = OMBMapViewController.h; sourceTree = "<group>"; };
		ABB3C5761811778000DD91C9 /* OMBMapViewController.m */ = {isa = PBXFileReference; fileEncoding = 4; lastKnownFileType = sourcecode.c.objc; path = OMBMapViewController.m; sourceTree = "<group>"; };
		ABB3C57C1811781C00DD91C9 /* MFSideMenu.h */ = {isa = PBXFileReference; fileEncoding = 4; lastKnownFileType = sourcecode.c.h; path = MFSideMenu.h; sourceTree = "<group>"; };
		ABB3C57D1811781C00DD91C9 /* MFSideMenuContainerViewController.h */ = {isa = PBXFileReference; fileEncoding = 4; lastKnownFileType = sourcecode.c.h; path = MFSideMenuContainerViewController.h; sourceTree = "<group>"; };
		ABB3C57E1811781C00DD91C9 /* MFSideMenuContainerViewController.m */ = {isa = PBXFileReference; fileEncoding = 4; lastKnownFileType = sourcecode.c.objc; path = MFSideMenuContainerViewController.m; sourceTree = "<group>"; };
		ABB3C5801811789100DD91C9 /* OMBTabBarController.h */ = {isa = PBXFileReference; fileEncoding = 4; lastKnownFileType = sourcecode.c.h; path = OMBTabBarController.h; sourceTree = "<group>"; };
		ABB3C5811811789100DD91C9 /* OMBTabBarController.m */ = {isa = PBXFileReference; fileEncoding = 4; lastKnownFileType = sourcecode.c.objc; path = OMBTabBarController.m; sourceTree = "<group>"; };
		ABB3C583181178AE00DD91C9 /* OMBNavigationController.h */ = {isa = PBXFileReference; fileEncoding = 4; lastKnownFileType = sourcecode.c.h; path = OMBNavigationController.h; sourceTree = "<group>"; };
		ABB3C584181178AE00DD91C9 /* OMBNavigationController.m */ = {isa = PBXFileReference; fileEncoding = 4; lastKnownFileType = sourcecode.c.objc; path = OMBNavigationController.m; sourceTree = "<group>"; };
		ABB3C58618117C1C00DD91C9 /* MapKit.framework */ = {isa = PBXFileReference; lastKnownFileType = wrapper.framework; name = MapKit.framework; path = System/Library/Frameworks/MapKit.framework; sourceTree = SDKROOT; };
		ABB3C58818117C2200DD91C9 /* CoreLocation.framework */ = {isa = PBXFileReference; lastKnownFileType = wrapper.framework; name = CoreLocation.framework; path = System/Library/Frameworks/CoreLocation.framework; sourceTree = SDKROOT; };
		ABC48E791812397300F01D8D /* QuartzCore.framework */ = {isa = PBXFileReference; lastKnownFileType = wrapper.framework; name = QuartzCore.framework; path = System/Library/Frameworks/QuartzCore.framework; sourceTree = SDKROOT; };
		ABC48E7B18125AF000F01D8D /* OMBPropertyInfoView.h */ = {isa = PBXFileReference; fileEncoding = 4; lastKnownFileType = sourcecode.c.h; path = OMBPropertyInfoView.h; sourceTree = "<group>"; };
		ABC48E7C18125AF000F01D8D /* OMBPropertyInfoView.m */ = {isa = PBXFileReference; fileEncoding = 4; lastKnownFileType = sourcecode.c.objc; path = OMBPropertyInfoView.m; sourceTree = "<group>"; };
		ABDAA81B181563310027F04C /* OMBMapViewControllerTests.m */ = {isa = PBXFileReference; fileEncoding = 4; lastKnownFileType = sourcecode.c.objc; path = OMBMapViewControllerTests.m; sourceTree = "<group>"; };
		ABF18BA01816BC53002DD723 /* marker_circle_deselected.png */ = {isa = PBXFileReference; lastKnownFileType = image.png; path = marker_circle_deselected.png; sourceTree = "<group>"; };
		ABF18BA11816BC53002DD723 /* marker_circle_deselected@2x.png */ = {isa = PBXFileReference; lastKnownFileType = image.png; path = "marker_circle_deselected@2x.png"; sourceTree = "<group>"; };
		ABF18BA21816BC53002DD723 /* marker_circle_selected.png */ = {isa = PBXFileReference; lastKnownFileType = image.png; path = marker_circle_selected.png; sourceTree = "<group>"; };
		ABF18BA31816BC53002DD723 /* marker_circle_selected@2x.png */ = {isa = PBXFileReference; lastKnownFileType = image.png; path = "marker_circle_selected@2x.png"; sourceTree = "<group>"; };
		ABF18BA81816C3AD002DD723 /* list_segmented_control@2x.png */ = {isa = PBXFileReference; lastKnownFileType = image.png; path = "list_segmented_control@2x.png"; sourceTree = "<group>"; };
		ABF18BA91816C3AD002DD723 /* map_segmented_control@2x.png */ = {isa = PBXFileReference; lastKnownFileType = image.png; path = "map_segmented_control@2x.png"; sourceTree = "<group>"; };
		ABF18BAC1816C73B002DD723 /* OMBMapFilterViewController.h */ = {isa = PBXFileReference; fileEncoding = 4; lastKnownFileType = sourcecode.c.h; path = OMBMapFilterViewController.h; sourceTree = "<group>"; };
		ABF18BAD1816C73B002DD723 /* OMBMapFilterViewController.m */ = {isa = PBXFileReference; fileEncoding = 4; lastKnownFileType = sourcecode.c.objc; path = OMBMapFilterViewController.m; sourceTree = "<group>"; };
		ABF18BAF1816CC65002DD723 /* OMBNeighborhood.h */ = {isa = PBXFileReference; fileEncoding = 4; lastKnownFileType = sourcecode.c.h; path = OMBNeighborhood.h; sourceTree = "<group>"; };
		ABF18BB01816CC65002DD723 /* OMBNeighborhood.m */ = {isa = PBXFileReference; fileEncoding = 4; lastKnownFileType = sourcecode.c.objc; path = OMBNeighborhood.m; sourceTree = "<group>"; };
		ABF18BB21816CCDA002DD723 /* OMBNeighborhoodStore.h */ = {isa = PBXFileReference; fileEncoding = 4; lastKnownFileType = sourcecode.c.h; path = OMBNeighborhoodStore.h; sourceTree = "<group>"; };
		ABF18BB31816CCDA002DD723 /* OMBNeighborhoodStore.m */ = {isa = PBXFileReference; fileEncoding = 4; lastKnownFileType = sourcecode.c.objc; path = OMBNeighborhoodStore.m; sourceTree = "<group>"; };
		ABF18BB81816D3F0002DD723 /* TextFieldPadding.h */ = {isa = PBXFileReference; fileEncoding = 4; lastKnownFileType = sourcecode.c.h; path = TextFieldPadding.h; sourceTree = "<group>"; };
		ABF18BB91816D3F0002DD723 /* TextFieldPadding.m */ = {isa = PBXFileReference; fileEncoding = 4; lastKnownFileType = sourcecode.c.objc; path = TextFieldPadding.m; sourceTree = "<group>"; };
		ABF18BBB1816F913002DD723 /* OMBListButton.h */ = {isa = PBXFileReference; fileEncoding = 4; lastKnownFileType = sourcecode.c.h; path = OMBListButton.h; sourceTree = "<group>"; };
		ABF18BBC1816F913002DD723 /* OMBListButton.m */ = {isa = PBXFileReference; fileEncoding = 4; lastKnownFileType = sourcecode.c.objc; path = OMBListButton.m; sourceTree = "<group>"; };
		ABF18BBE181703A3002DD723 /* search@2x.png */ = {isa = PBXFileReference; lastKnownFileType = image.png; path = "search@2x.png"; sourceTree = "<group>"; };
		ABF18BC018170EED002DD723 /* search.png */ = {isa = PBXFileReference; lastKnownFileType = image.png; path = search.png; sourceTree = "<group>"; };
		ABF18BC218170F43002DD723 /* list_segmented_control.png */ = {isa = PBXFileReference; lastKnownFileType = image.png; path = list_segmented_control.png; sourceTree = "<group>"; };
		ABF18BC318170F43002DD723 /* map_segmented_control.png */ = {isa = PBXFileReference; lastKnownFileType = image.png; path = map_segmented_control.png; sourceTree = "<group>"; };
/* End PBXFileReference section */

/* Begin PBXFrameworksBuildPhase section */
		AB802E9718109E5200E04D11 /* Frameworks */ = {
			isa = PBXFrameworksBuildPhase;
			buildActionMask = 2147483647;
			files = (
				ABC48E7A1812397300F01D8D /* QuartzCore.framework in Frameworks */,
				ABB3C58918117C2200DD91C9 /* CoreLocation.framework in Frameworks */,
				ABB3C58718117C1C00DD91C9 /* MapKit.framework in Frameworks */,
				AB802EA018109E5200E04D11 /* CoreGraphics.framework in Frameworks */,
				AB802EA218109E5200E04D11 /* UIKit.framework in Frameworks */,
				AB802E9E18109E5200E04D11 /* Foundation.framework in Frameworks */,
			);
			runOnlyForDeploymentPostprocessing = 0;
		};
		AB802EB218109E5200E04D11 /* Frameworks */ = {
			isa = PBXFrameworksBuildPhase;
			buildActionMask = 2147483647;
			files = (
				AB8C8C2A1815C31000A1B087 /* Accelerate.framework in Frameworks */,
				AB802EB718109E5200E04D11 /* XCTest.framework in Frameworks */,
				AB802EB918109E5200E04D11 /* UIKit.framework in Frameworks */,
				AB802EB818109E5200E04D11 /* Foundation.framework in Frameworks */,
			);
			runOnlyForDeploymentPostprocessing = 0;
		};
/* End PBXFrameworksBuildPhase section */

/* Begin PBXGroup section */
		AB802E9118109E5200E04D11 = {
			isa = PBXGroup;
			children = (
				AB9B262E1811B7ED00E6DAC4 /* OCMapView */,
				AB9B2601181196F400E6DAC4 /* location.gpx */,
				ABB3C57B1811781C00DD91C9 /* MFSideMenu */,
				AB802EA318109E5200E04D11 /* OnMyBlock */,
				AB802EBC18109E5200E04D11 /* OnMyBlockTests */,
				AB802E9C18109E5200E04D11 /* Frameworks */,
				AB802E9B18109E5200E04D11 /* Products */,
			);
			sourceTree = "<group>";
		};
		AB802E9B18109E5200E04D11 /* Products */ = {
			isa = PBXGroup;
			children = (
				AB802E9A18109E5200E04D11 /* OnMyBlock.app */,
				AB802EB518109E5200E04D11 /* OnMyBlockTests.xctest */,
			);
			name = Products;
			sourceTree = "<group>";
		};
		AB802E9C18109E5200E04D11 /* Frameworks */ = {
			isa = PBXGroup;
			children = (
				AB8C8C291815C31000A1B087 /* Accelerate.framework */,
				ABC48E791812397300F01D8D /* QuartzCore.framework */,
				ABB3C58818117C2200DD91C9 /* CoreLocation.framework */,
				ABB3C58618117C1C00DD91C9 /* MapKit.framework */,
				AB802E9D18109E5200E04D11 /* Foundation.framework */,
				AB802E9F18109E5200E04D11 /* CoreGraphics.framework */,
				AB802EA118109E5200E04D11 /* UIKit.framework */,
				AB802EB618109E5200E04D11 /* XCTest.framework */,
			);
			name = Frameworks;
			sourceTree = "<group>";
		};
		AB802EA318109E5200E04D11 /* OnMyBlock */ = {
			isa = PBXGroup;
			children = (
				ABB3C56C1811719B00DD91C9 /* AppDelegate */,
				AB9B263D1811CB1300E6DAC4 /* Categories */,
				AB9B264A1811CE5E00E6DAC4 /* Connections */,
				ABB3C5711811775300DD91C9 /* Controllers */,
				AB8C8C101815783A00A1B087 /* Downloaders */,
				ABB3C56F1811719B00DD91C9 /* Images */,
				AB802EAF18109E5200E04D11 /* Images.xcassets */,
				AB9B260C1811AA6600E6DAC4 /* Models */,
				AB9B26241811AF6C00E6DAC4 /* Stores */,
				AB802EA418109E5200E04D11 /* Supporting Files */,
				AB9B26031811A49200E6DAC4 /* Views */,
			);
			path = OnMyBlock;
			sourceTree = "<group>";
		};
		AB802EA418109E5200E04D11 /* Supporting Files */ = {
			isa = PBXGroup;
			children = (
				AB802EA518109E5200E04D11 /* OnMyBlock-Info.plist */,
				AB802EA618109E5200E04D11 /* InfoPlist.strings */,
				AB802EA918109E5200E04D11 /* main.m */,
				AB802EAB18109E5200E04D11 /* OnMyBlock-Prefix.pch */,
			);
			name = "Supporting Files";
			sourceTree = "<group>";
		};
		AB802EBC18109E5200E04D11 /* OnMyBlockTests */ = {
			isa = PBXGroup;
			children = (
				ABDAA81A181562EB0027F04C /* Controllers */,
				AB802EC218109E5200E04D11 /* OnMyBlockTests.m */,
				AB802EBD18109E5200E04D11 /* Supporting Files */,
			);
			path = OnMyBlockTests;
			sourceTree = "<group>";
		};
		AB802EBD18109E5200E04D11 /* Supporting Files */ = {
			isa = PBXGroup;
			children = (
				AB802EBE18109E5200E04D11 /* OnMyBlockTests-Info.plist */,
				AB802EBF18109E5200E04D11 /* InfoPlist.strings */,
			);
			name = "Supporting Files";
			sourceTree = "<group>";
		};
		AB8C8C101815783A00A1B087 /* Downloaders */ = {
			isa = PBXGroup;
			children = (
				AB8C8C111815784B00A1B087 /* OMBImageDownloader.h */,
				AB8C8C121815784B00A1B087 /* OMBImageDownloader.m */,
				AB8C8C261815A62F00A1B087 /* OMBResidenceCoverPhotoDownloader.h */,
				AB8C8C271815A62F00A1B087 /* OMBResidenceCoverPhotoDownloader.m */,
			);
			path = Downloaders;
			sourceTree = "<group>";
		};
		AB9B26031811A49200E6DAC4 /* Views */ = {
			isa = PBXGroup;
			children = (
				ABF18BB81816D3F0002DD723 /* TextFieldPadding.h */,
				ABF18BB91816D3F0002DD723 /* TextFieldPadding.m */,
				AB9B26071811A74E00E6DAC4 /* OMBAnnotationView.h */,
				AB9B26081811A74E00E6DAC4 /* OMBAnnotationView.m */,
				ABC48E7B18125AF000F01D8D /* OMBPropertyInfoView.h */,
				ABC48E7C18125AF000F01D8D /* OMBPropertyInfoView.m */,
				ABF18BBB1816F913002DD723 /* OMBListButton.h */,
				ABF18BBC1816F913002DD723 /* OMBListButton.m */,
			);
			path = Views;
			sourceTree = "<group>";
		};
		AB9B260C1811AA6600E6DAC4 /* Models */ = {
			isa = PBXGroup;
			children = (
				AB9B260D1811AA7C00E6DAC4 /* OMBAnnotation.h */,
				AB9B260E1811AA7C00E6DAC4 /* OMBAnnotation.m */,
				AB8C8C20181597F900A1B087 /* OMBResidence.h */,
				AB8C8C21181597F900A1B087 /* OMBResidence.m */,
				ABF18BAF1816CC65002DD723 /* OMBNeighborhood.h */,
				ABF18BB01816CC65002DD723 /* OMBNeighborhood.m */,
			);
			path = Models;
			sourceTree = "<group>";
		};
		AB9B26241811AF6C00E6DAC4 /* Stores */ = {
			isa = PBXGroup;
			children = (
				AB9B26251811AF7B00E6DAC4 /* OMBAnnotationStore.h */,
				AB9B26261811AF7B00E6DAC4 /* OMBAnnotationStore.m */,
				AB8C8C1D1815969700A1B087 /* OMBResidenceStore.h */,
				AB8C8C1E1815969700A1B087 /* OMBResidenceStore.m */,
				ABF18BB21816CCDA002DD723 /* OMBNeighborhoodStore.h */,
				ABF18BB31816CCDA002DD723 /* OMBNeighborhoodStore.m */,
			);
			path = Stores;
			sourceTree = "<group>";
		};
		AB9B262E1811B7ED00E6DAC4 /* OCMapView */ = {
			isa = PBXGroup;
			children = (
				AB9B262F1811B7ED00E6DAC4 /* OCAlgorithmDelegate.h */,
				AB9B26301811B7ED00E6DAC4 /* OCAlgorithms.h */,
				AB9B26311811B7ED00E6DAC4 /* OCAlgorithms.m */,
				AB9B26321811B7ED00E6DAC4 /* OCAnnotation.h */,
				AB9B26331811B7ED00E6DAC4 /* OCAnnotation.m */,
				AB9B26341811B7ED00E6DAC4 /* OCDistance.h */,
				AB9B26351811B7ED00E6DAC4 /* OCDistance.m */,
				AB9B26361811B7ED00E6DAC4 /* OCGrouping.h */,
				AB9B26371811B7ED00E6DAC4 /* OCMapView.h */,
				AB9B26381811B7ED00E6DAC4 /* OCMapView.m */,
			);
			path = OCMapView;
			sourceTree = "<group>";
		};
		AB9B263D1811CB1300E6DAC4 /* Categories */ = {
			isa = PBXGroup;
			children = (
				AB9B263E1811CB1300E6DAC4 /* NSDate+TimeAgo.h */,
				AB9B263F1811CB1300E6DAC4 /* NSDate+TimeAgo.m */,
				AB9B26401811CB1300E6DAC4 /* NSString+Extensions.h */,
				AB9B26411811CB1300E6DAC4 /* NSString+Extensions.m */,
				AB9B26421811CB1300E6DAC4 /* UIColor+Extensions.h */,
				AB9B26431811CB1300E6DAC4 /* UIColor+Extensions.m */,
				AB9B26441811CB1300E6DAC4 /* UIImage+Resize.h */,
				AB9B26451811CB1300E6DAC4 /* UIImage+Resize.m */,
				AB76C0DE18187B3F006354FB /* UIImage+Color.h */,
				AB76C0DF18187B3F006354FB /* UIImage+Color.m */,
			);
			path = Categories;
			sourceTree = "<group>";
		};
		AB9B264A1811CE5E00E6DAC4 /* Connections */ = {
			isa = PBXGroup;
			children = (
				AB9B264B1811CE6D00E6DAC4 /* OMBConnection.h */,
				AB9B264C1811CE6D00E6DAC4 /* OMBConnection.m */,
				AB9B264E1811CE8E00E6DAC4 /* OMBPropertiesConnection.h */,
				AB9B264F1811CE8E00E6DAC4 /* OMBPropertiesConnection.m */,
				AB8C8C231815A1CA00A1B087 /* OMBResidenceCoverPhotoURLConnection.h */,
				AB8C8C241815A1CA00A1B087 /* OMBResidenceCoverPhotoURLConnection.m */,
			);
			path = Connections;
			sourceTree = "<group>";
		};
		ABB3C56C1811719B00DD91C9 /* AppDelegate */ = {
			isa = PBXGroup;
			children = (
				ABB3C56D1811719B00DD91C9 /* OMBAppDelegate.h */,
				ABB3C56E1811719B00DD91C9 /* OMBAppDelegate.m */,
			);
			path = AppDelegate;
			sourceTree = "<group>";
		};
		ABB3C56F1811719B00DD91C9 /* Images */ = {
			isa = PBXGroup;
			children = (
				AB8C8C341815D0E100A1B087 /* arrow_right.png */,
				AB8C8C321815CF2A00A1B087 /* arrow_right@2x.png */,
				ABF18BC218170F43002DD723 /* list_segmented_control.png */,
				ABF18BA81816C3AD002DD723 /* list_segmented_control@2x.png */,
				ABF18BC318170F43002DD723 /* map_segmented_control.png */,
				ABF18BA91816C3AD002DD723 /* map_segmented_control@2x.png */,
				ABF18BA01816BC53002DD723 /* marker_circle_deselected.png */,
				ABF18BA11816BC53002DD723 /* marker_circle_deselected@2x.png */,
				ABF18BA21816BC53002DD723 /* marker_circle_selected.png */,
				ABF18BA31816BC53002DD723 /* marker_circle_selected@2x.png */,
				AB9B26221811AE8600E6DAC4 /* marker_single.png */,
				AB8C8C1818157A2600A1B087 /* marker_single@2x.png */,
				AB8C8C14181579EE00A1B087 /* placeholder_property.png */,
				AB8C8C15181579EE00A1B087 /* placeholder_property@2x.png */,
				ABF18BC018170EED002DD723 /* search.png */,
				ABF18BBE181703A3002DD723 /* search@2x.png */,
			);
			path = Images;
			sourceTree = "<group>";
		};
		ABB3C5711811775300DD91C9 /* Controllers */ = {
			isa = PBXGroup;
			children = (
				ABB3C5721811776700DD91C9 /* OMBViewController.h */,
				ABB3C5731811776700DD91C9 /* OMBViewController.m */,
				ABB3C5751811778000DD91C9 /* OMBMapViewController.h */,
				ABB3C5761811778000DD91C9 /* OMBMapViewController.m */,
				ABB3C5801811789100DD91C9 /* OMBTabBarController.h */,
				ABB3C5811811789100DD91C9 /* OMBTabBarController.m */,
				ABB3C583181178AE00DD91C9 /* OMBNavigationController.h */,
				ABB3C584181178AE00DD91C9 /* OMBNavigationController.m */,
				AB8C8C361815D7DC00A1B087 /* OMBResidenceDetailViewController.h */,
				AB8C8C371815D7DC00A1B087 /* OMBResidenceDetailViewController.m */,
				ABF18BAC1816C73B002DD723 /* OMBMapFilterViewController.h */,
				ABF18BAD1816C73B002DD723 /* OMBMapFilterViewController.m */,
			);
			path = Controllers;
			sourceTree = "<group>";
		};
		ABB3C57B1811781C00DD91C9 /* MFSideMenu */ = {
			isa = PBXGroup;
			children = (
				ABB3C57C1811781C00DD91C9 /* MFSideMenu.h */,
				ABB3C57D1811781C00DD91C9 /* MFSideMenuContainerViewController.h */,
				ABB3C57E1811781C00DD91C9 /* MFSideMenuContainerViewController.m */,
			);
			path = MFSideMenu;
			sourceTree = "<group>";
		};
		ABDAA81A181562EB0027F04C /* Controllers */ = {
			isa = PBXGroup;
			children = (
				ABDAA81B181563310027F04C /* OMBMapViewControllerTests.m */,
			);
			path = Controllers;
			sourceTree = "<group>";
		};
/* End PBXGroup section */

/* Begin PBXNativeTarget section */
		AB802E9918109E5200E04D11 /* OnMyBlock */ = {
			isa = PBXNativeTarget;
			buildConfigurationList = AB802EC618109E5200E04D11 /* Build configuration list for PBXNativeTarget "OnMyBlock" */;
			buildPhases = (
				AB802E9618109E5200E04D11 /* Sources */,
				AB802E9718109E5200E04D11 /* Frameworks */,
				AB802E9818109E5200E04D11 /* Resources */,
			);
			buildRules = (
			);
			dependencies = (
			);
			name = OnMyBlock;
			productName = OnMyBlock;
			productReference = AB802E9A18109E5200E04D11 /* OnMyBlock.app */;
			productType = "com.apple.product-type.application";
		};
		AB802EB418109E5200E04D11 /* OnMyBlockTests */ = {
			isa = PBXNativeTarget;
			buildConfigurationList = AB802EC918109E5200E04D11 /* Build configuration list for PBXNativeTarget "OnMyBlockTests" */;
			buildPhases = (
				AB802EB118109E5200E04D11 /* Sources */,
				AB802EB218109E5200E04D11 /* Frameworks */,
				AB802EB318109E5200E04D11 /* Resources */,
			);
			buildRules = (
			);
			dependencies = (
				AB802EBB18109E5200E04D11 /* PBXTargetDependency */,
			);
			name = OnMyBlockTests;
			productName = OnMyBlockTests;
			productReference = AB802EB518109E5200E04D11 /* OnMyBlockTests.xctest */;
			productType = "com.apple.product-type.bundle.unit-test";
		};
/* End PBXNativeTarget section */

/* Begin PBXProject section */
		AB802E9218109E5200E04D11 /* Project object */ = {
			isa = PBXProject;
			attributes = {
				CLASSPREFIX = OMB;
				LastUpgradeCheck = 0500;
				ORGANIZATIONNAME = OnMyBlock;
				TargetAttributes = {
					AB802E9918109E5200E04D11 = {
						DevelopmentTeam = 4PZFNY43X2;
					};
					AB802EB418109E5200E04D11 = {
						TestTargetID = AB802E9918109E5200E04D11;
					};
				};
			};
			buildConfigurationList = AB802E9518109E5200E04D11 /* Build configuration list for PBXProject "OnMyBlock" */;
			compatibilityVersion = "Xcode 3.2";
			developmentRegion = English;
			hasScannedForEncodings = 0;
			knownRegions = (
				en,
			);
			mainGroup = AB802E9118109E5200E04D11;
			productRefGroup = AB802E9B18109E5200E04D11 /* Products */;
			projectDirPath = "";
			projectRoot = "";
			targets = (
				AB802E9918109E5200E04D11 /* OnMyBlock */,
				AB802EB418109E5200E04D11 /* OnMyBlockTests */,
			);
		};
/* End PBXProject section */

/* Begin PBXResourcesBuildPhase section */
		AB802E9818109E5200E04D11 /* Resources */ = {
			isa = PBXResourcesBuildPhase;
			buildActionMask = 2147483647;
			files = (
				ABF18BBF181703A3002DD723 /* search@2x.png in Resources */,
				ABF18BC518170F43002DD723 /* map_segmented_control.png in Resources */,
				AB8C8C17181579EE00A1B087 /* placeholder_property@2x.png in Resources */,
				AB802EA818109E5200E04D11 /* InfoPlist.strings in Resources */,
				ABF18BC118170EED002DD723 /* search.png in Resources */,
				ABF18BA71816BC53002DD723 /* marker_circle_selected@2x.png in Resources */,
				AB9B26231811AE8600E6DAC4 /* marker_single.png in Resources */,
				AB8C8C1918157A2600A1B087 /* marker_single@2x.png in Resources */,
				ABF18BA51816BC53002DD723 /* marker_circle_deselected@2x.png in Resources */,
				ABF18BC418170F43002DD723 /* list_segmented_control.png in Resources */,
				AB9B2602181196F400E6DAC4 /* location.gpx in Resources */,
				ABF18BAA1816C3AD002DD723 /* list_segmented_control@2x.png in Resources */,
				ABF18BAB1816C3AD002DD723 /* map_segmented_control@2x.png in Resources */,
				AB8C8C351815D0E100A1B087 /* arrow_right.png in Resources */,
				AB8C8C16181579EE00A1B087 /* placeholder_property.png in Resources */,
				ABF18BA61816BC53002DD723 /* marker_circle_selected.png in Resources */,
				AB802EB018109E5200E04D11 /* Images.xcassets in Resources */,
				AB8C8C331815CF2A00A1B087 /* arrow_right@2x.png in Resources */,
				ABF18BA41816BC53002DD723 /* marker_circle_deselected.png in Resources */,
			);
			runOnlyForDeploymentPostprocessing = 0;
		};
		AB802EB318109E5200E04D11 /* Resources */ = {
			isa = PBXResourcesBuildPhase;
			buildActionMask = 2147483647;
			files = (
				AB802EC118109E5200E04D11 /* InfoPlist.strings in Resources */,
			);
			runOnlyForDeploymentPostprocessing = 0;
		};
/* End PBXResourcesBuildPhase section */

/* Begin PBXSourcesBuildPhase section */
		AB802E9618109E5200E04D11 /* Sources */ = {
			isa = PBXSourcesBuildPhase;
			buildActionMask = 2147483647;
			files = (
				ABF18BBD1816F913002DD723 /* OMBListButton.m in Sources */,
				AB9B263B1811B7ED00E6DAC4 /* OCDistance.m in Sources */,
				ABB3C585181178AE00DD91C9 /* OMBNavigationController.m in Sources */,
				ABB3C5771811778000DD91C9 /* OMBMapViewController.m in Sources */,
				AB9B26471811CB1300E6DAC4 /* NSString+Extensions.m in Sources */,
				AB9B26091811A74E00E6DAC4 /* OMBAnnotationView.m in Sources */,
				AB9B26491811CB1300E6DAC4 /* UIImage+Resize.m in Sources */,
				AB9B264D1811CE6D00E6DAC4 /* OMBConnection.m in Sources */,
				AB8C8C1F1815969700A1B087 /* OMBResidenceStore.m in Sources */,
				ABF18BB41816CCDA002DD723 /* OMBNeighborhoodStore.m in Sources */,
				AB9B26501811CE8E00E6DAC4 /* OMBPropertiesConnection.m in Sources */,
				AB9B26391811B7ED00E6DAC4 /* OCAlgorithms.m in Sources */,
				AB8C8C281815A62F00A1B087 /* OMBResidenceCoverPhotoDownloader.m in Sources */,
				AB8C8C251815A1CA00A1B087 /* OMBResidenceCoverPhotoURLConnection.m in Sources */,
				AB8C8C22181597F900A1B087 /* OMBResidence.m in Sources */,
				AB8C8C381815D7DC00A1B087 /* OMBResidenceDetailViewController.m in Sources */,
				AB9B26461811CB1300E6DAC4 /* NSDate+TimeAgo.m in Sources */,
				AB9B260F1811AA7C00E6DAC4 /* OMBAnnotation.m in Sources */,
				ABF18BAE1816C73B002DD723 /* OMBMapFilterViewController.m in Sources */,
				AB9B26271811AF7B00E6DAC4 /* OMBAnnotationStore.m in Sources */,
				ABC48E7D18125AF000F01D8D /* OMBPropertyInfoView.m in Sources */,
				AB8C8C131815784B00A1B087 /* OMBImageDownloader.m in Sources */,
				ABB3C57F1811781C00DD91C9 /* MFSideMenuContainerViewController.m in Sources */,
				ABB3C5701811719B00DD91C9 /* OMBAppDelegate.m in Sources */,
				ABB3C5741811776700DD91C9 /* OMBViewController.m in Sources */,
				ABF18BB11816CC65002DD723 /* OMBNeighborhood.m in Sources */,
				AB9B263A1811B7ED00E6DAC4 /* OCAnnotation.m in Sources */,
				AB9B26481811CB1300E6DAC4 /* UIColor+Extensions.m in Sources */,
				ABB3C5821811789100DD91C9 /* OMBTabBarController.m in Sources */,
				AB802EAA18109E5200E04D11 /* main.m in Sources */,
				AB76C0E018187B3F006354FB /* UIImage+Color.m in Sources */,
				AB9B263C1811B7ED00E6DAC4 /* OCMapView.m in Sources */,
				ABF18BBA1816D3F0002DD723 /* TextFieldPadding.m in Sources */,
			);
			runOnlyForDeploymentPostprocessing = 0;
		};
		AB802EB118109E5200E04D11 /* Sources */ = {
			isa = PBXSourcesBuildPhase;
			buildActionMask = 2147483647;
			files = (
				AB8C8C0F1815699B00A1B087 /* OMBMapViewControllerTests.m in Sources */,
				AB802EC318109E5200E04D11 /* OnMyBlockTests.m in Sources */,
			);
			runOnlyForDeploymentPostprocessing = 0;
		};
/* End PBXSourcesBuildPhase section */

/* Begin PBXTargetDependency section */
		AB802EBB18109E5200E04D11 /* PBXTargetDependency */ = {
			isa = PBXTargetDependency;
			target = AB802E9918109E5200E04D11 /* OnMyBlock */;
			targetProxy = AB802EBA18109E5200E04D11 /* PBXContainerItemProxy */;
		};
/* End PBXTargetDependency section */

/* Begin PBXVariantGroup section */
		AB802EA618109E5200E04D11 /* InfoPlist.strings */ = {
			isa = PBXVariantGroup;
			children = (
				AB802EA718109E5200E04D11 /* en */,
			);
			name = InfoPlist.strings;
			sourceTree = "<group>";
		};
		AB802EBF18109E5200E04D11 /* InfoPlist.strings */ = {
			isa = PBXVariantGroup;
			children = (
				AB802EC018109E5200E04D11 /* en */,
			);
			name = InfoPlist.strings;
			sourceTree = "<group>";
		};
/* End PBXVariantGroup section */

/* Begin XCBuildConfiguration section */
		AB802EC418109E5200E04D11 /* Debug */ = {
			isa = XCBuildConfiguration;
			buildSettings = {
				ALWAYS_SEARCH_USER_PATHS = NO;
				ARCHS = "$(ARCHS_STANDARD_INCLUDING_64_BIT)";
				CLANG_CXX_LANGUAGE_STANDARD = "gnu++0x";
				CLANG_CXX_LIBRARY = "libc++";
				CLANG_ENABLE_MODULES = YES;
				CLANG_ENABLE_OBJC_ARC = YES;
				CLANG_WARN_BOOL_CONVERSION = YES;
				CLANG_WARN_CONSTANT_CONVERSION = YES;
				CLANG_WARN_DIRECT_OBJC_ISA_USAGE = YES_ERROR;
				CLANG_WARN_EMPTY_BODY = YES;
				CLANG_WARN_ENUM_CONVERSION = YES;
				CLANG_WARN_INT_CONVERSION = YES;
				CLANG_WARN_OBJC_ROOT_CLASS = YES_ERROR;
				CLANG_WARN__DUPLICATE_METHOD_MATCH = YES;
				"CODE_SIGN_IDENTITY[sdk=iphoneos*]" = "iPhone Developer";
				COPY_PHASE_STRIP = NO;
				GCC_C_LANGUAGE_STANDARD = gnu99;
				GCC_DYNAMIC_NO_PIC = NO;
				GCC_OPTIMIZATION_LEVEL = 0;
				GCC_PREPROCESSOR_DEFINITIONS = (
					"DEBUG=1",
					"$(inherited)",
				);
				GCC_SYMBOLS_PRIVATE_EXTERN = NO;
				GCC_WARN_64_TO_32_BIT_CONVERSION = YES;
				GCC_WARN_ABOUT_RETURN_TYPE = YES_ERROR;
				GCC_WARN_UNDECLARED_SELECTOR = YES;
				GCC_WARN_UNINITIALIZED_AUTOS = YES;
				GCC_WARN_UNUSED_FUNCTION = YES;
				GCC_WARN_UNUSED_VARIABLE = YES;
				IPHONEOS_DEPLOYMENT_TARGET = 7.0;
				ONLY_ACTIVE_ARCH = YES;
				SDKROOT = iphoneos;
				TARGETED_DEVICE_FAMILY = "1,2";
			};
			name = Debug;
		};
		AB802EC518109E5200E04D11 /* Release */ = {
			isa = XCBuildConfiguration;
			buildSettings = {
				ALWAYS_SEARCH_USER_PATHS = NO;
				ARCHS = "$(ARCHS_STANDARD_INCLUDING_64_BIT)";
				CLANG_CXX_LANGUAGE_STANDARD = "gnu++0x";
				CLANG_CXX_LIBRARY = "libc++";
				CLANG_ENABLE_MODULES = YES;
				CLANG_ENABLE_OBJC_ARC = YES;
				CLANG_WARN_BOOL_CONVERSION = YES;
				CLANG_WARN_CONSTANT_CONVERSION = YES;
				CLANG_WARN_DIRECT_OBJC_ISA_USAGE = YES_ERROR;
				CLANG_WARN_EMPTY_BODY = YES;
				CLANG_WARN_ENUM_CONVERSION = YES;
				CLANG_WARN_INT_CONVERSION = YES;
				CLANG_WARN_OBJC_ROOT_CLASS = YES_ERROR;
				CLANG_WARN__DUPLICATE_METHOD_MATCH = YES;
				"CODE_SIGN_IDENTITY[sdk=iphoneos*]" = "iPhone Developer";
				COPY_PHASE_STRIP = YES;
				ENABLE_NS_ASSERTIONS = NO;
				GCC_C_LANGUAGE_STANDARD = gnu99;
				GCC_WARN_64_TO_32_BIT_CONVERSION = YES;
				GCC_WARN_ABOUT_RETURN_TYPE = YES_ERROR;
				GCC_WARN_UNDECLARED_SELECTOR = YES;
				GCC_WARN_UNINITIALIZED_AUTOS = YES;
				GCC_WARN_UNUSED_FUNCTION = YES;
				GCC_WARN_UNUSED_VARIABLE = YES;
				IPHONEOS_DEPLOYMENT_TARGET = 7.0;
				SDKROOT = iphoneos;
				TARGETED_DEVICE_FAMILY = "1,2";
				VALIDATE_PRODUCT = YES;
			};
			name = Release;
		};
		AB802EC718109E5200E04D11 /* Debug */ = {
			isa = XCBuildConfiguration;
			buildSettings = {
				ASSETCATALOG_COMPILER_APPICON_NAME = AppIcon;
				ASSETCATALOG_COMPILER_LAUNCHIMAGE_NAME = LaunchImage;
				CODE_SIGN_IDENTITY = "iPhone Developer";
				GCC_PRECOMPILE_PREFIX_HEADER = YES;
				GCC_PREFIX_HEADER = "OnMyBlock/OnMyBlock-Prefix.pch";
				INFOPLIST_FILE = "OnMyBlock/OnMyBlock-Info.plist";
				PRODUCT_NAME = "$(TARGET_NAME)";
				WRAPPER_EXTENSION = app;
			};
			name = Debug;
		};
		AB802EC818109E5200E04D11 /* Release */ = {
			isa = XCBuildConfiguration;
			buildSettings = {
				ASSETCATALOG_COMPILER_APPICON_NAME = AppIcon;
				ASSETCATALOG_COMPILER_LAUNCHIMAGE_NAME = LaunchImage;
				CODE_SIGN_IDENTITY = "iPhone Developer";
				GCC_PRECOMPILE_PREFIX_HEADER = YES;
				GCC_PREFIX_HEADER = "OnMyBlock/OnMyBlock-Prefix.pch";
				INFOPLIST_FILE = "OnMyBlock/OnMyBlock-Info.plist";
				PRODUCT_NAME = "$(TARGET_NAME)";
				WRAPPER_EXTENSION = app;
			};
			name = Release;
		};
		AB802ECA18109E5200E04D11 /* Debug */ = {
			isa = XCBuildConfiguration;
			buildSettings = {
				ARCHS = "$(ARCHS_STANDARD_INCLUDING_64_BIT)";
				BUNDLE_LOADER = "$(BUILT_PRODUCTS_DIR)/OnMyBlock.app/OnMyBlock";
				FRAMEWORK_SEARCH_PATHS = (
					"$(SDKROOT)/Developer/Library/Frameworks",
					"$(inherited)",
					"$(DEVELOPER_FRAMEWORKS_DIR)",
				);
				GCC_PRECOMPILE_PREFIX_HEADER = YES;
				GCC_PREFIX_HEADER = "OnMyBlock/OnMyBlock-Prefix.pch";
				GCC_PREPROCESSOR_DEFINITIONS = (
					"DEBUG=1",
					"$(inherited)",
				);
				INFOPLIST_FILE = "OnMyBlockTests/OnMyBlockTests-Info.plist";
				PRODUCT_NAME = "$(TARGET_NAME)";
				TEST_HOST = "$(BUNDLE_LOADER)";
				WRAPPER_EXTENSION = xctest;
			};
			name = Debug;
		};
		AB802ECB18109E5200E04D11 /* Release */ = {
			isa = XCBuildConfiguration;
			buildSettings = {
				ARCHS = "$(ARCHS_STANDARD_INCLUDING_64_BIT)";
				BUNDLE_LOADER = "$(BUILT_PRODUCTS_DIR)/OnMyBlock.app/OnMyBlock";
				FRAMEWORK_SEARCH_PATHS = (
					"$(SDKROOT)/Developer/Library/Frameworks",
					"$(inherited)",
					"$(DEVELOPER_FRAMEWORKS_DIR)",
				);
				GCC_PRECOMPILE_PREFIX_HEADER = YES;
				GCC_PREFIX_HEADER = "OnMyBlock/OnMyBlock-Prefix.pch";
				INFOPLIST_FILE = "OnMyBlockTests/OnMyBlockTests-Info.plist";
				PRODUCT_NAME = "$(TARGET_NAME)";
				TEST_HOST = "$(BUNDLE_LOADER)";
				WRAPPER_EXTENSION = xctest;
			};
			name = Release;
		};
/* End XCBuildConfiguration section */

/* Begin XCConfigurationList section */
		AB802E9518109E5200E04D11 /* Build configuration list for PBXProject "OnMyBlock" */ = {
			isa = XCConfigurationList;
			buildConfigurations = (
				AB802EC418109E5200E04D11 /* Debug */,
				AB802EC518109E5200E04D11 /* Release */,
			);
			defaultConfigurationIsVisible = 0;
			defaultConfigurationName = Release;
		};
		AB802EC618109E5200E04D11 /* Build configuration list for PBXNativeTarget "OnMyBlock" */ = {
			isa = XCConfigurationList;
			buildConfigurations = (
				AB802EC718109E5200E04D11 /* Debug */,
				AB802EC818109E5200E04D11 /* Release */,
			);
			defaultConfigurationIsVisible = 0;
			defaultConfigurationName = Release;
		};
		AB802EC918109E5200E04D11 /* Build configuration list for PBXNativeTarget "OnMyBlockTests" */ = {
			isa = XCConfigurationList;
			buildConfigurations = (
				AB802ECA18109E5200E04D11 /* Debug */,
				AB802ECB18109E5200E04D11 /* Release */,
			);
			defaultConfigurationIsVisible = 0;
			defaultConfigurationName = Release;
		};
/* End XCConfigurationList section */
	};
	rootObject = AB802E9218109E5200E04D11 /* Project object */;
}
