// !$*UTF8*$!
{
	archiveVersion = 1;
	classes = {
	};
	objectVersion = 46;
	objects = {

/* Begin PBXBuildFile section */
		AB0269A418220C1A00E72F53 /* phone@2x.png in Resources */ = {isa = PBXBuildFile; fileRef = AB0269A318220C1A00E72F53 /* phone@2x.png */; };
		AB0269A618220CA700E72F53 /* phone.png in Resources */ = {isa = PBXBuildFile; fileRef = AB0269A518220CA700E72F53 /* phone.png */; };
		AB0269A818220CD600E72F53 /* email_icon.png in Resources */ = {isa = PBXBuildFile; fileRef = AB0269A718220CD600E72F53 /* email_icon.png */; };
		AB0269AA18220D2300E72F53 /* password_icon.png in Resources */ = {isa = PBXBuildFile; fileRef = AB0269A918220D2300E72F53 /* password_icon.png */; };
		AB0269B41822147C00E72F53 /* DRNRealTimeBlurView.m in Sources */ = {isa = PBXBuildFile; fileRef = AB0269B11822147C00E72F53 /* DRNRealTimeBlurView.m */; };
		AB0269B51822147C00E72F53 /* UIImage+BoxBlur.m in Sources */ = {isa = PBXBuildFile; fileRef = AB0269B31822147C00E72F53 /* UIImage+BoxBlur.m */; };
		AB0269B71822155900E72F53 /* menu_background@2x.jpg in Resources */ = {isa = PBXBuildFile; fileRef = AB0269B61822155900E72F53 /* menu_background@2x.jpg */; };
		AB0269B9182292F500E72F53 /* CoreImage.framework in Frameworks */ = {isa = PBXBuildFile; fileRef = AB0269B8182292F500E72F53 /* CoreImage.framework */; };
		AB0269BD182293DC00E72F53 /* UIImage+NegativeImage.m in Sources */ = {isa = PBXBuildFile; fileRef = AB0269BC182293DC00E72F53 /* UIImage+NegativeImage.m */; };
		AB0269C618229CA400E72F53 /* sign_up_icon.png in Resources */ = {isa = PBXBuildFile; fileRef = AB0269C418229CA400E72F53 /* sign_up_icon.png */; };
		AB0269C718229CA400E72F53 /* sign_up_icon@2x.png in Resources */ = {isa = PBXBuildFile; fileRef = AB0269C518229CA400E72F53 /* sign_up_icon@2x.png */; };
		AB0269CE18229DD800E72F53 /* login_icon.png in Resources */ = {isa = PBXBuildFile; fileRef = AB0269CC18229DD800E72F53 /* login_icon.png */; };
		AB0269CF18229DD800E72F53 /* login_icon@2x.png in Resources */ = {isa = PBXBuildFile; fileRef = AB0269CD18229DD800E72F53 /* login_icon@2x.png */; };
		AB0269D61822A12600E72F53 /* AMBlurView.m in Sources */ = {isa = PBXBuildFile; fileRef = AB0269D51822A12600E72F53 /* AMBlurView.m */; };
		AB0269D91822A97A00E72F53 /* logout_icon.png in Resources */ = {isa = PBXBuildFile; fileRef = AB0269D71822A97A00E72F53 /* logout_icon.png */; };
		AB0269DA1822A97A00E72F53 /* logout_icon@2x.png in Resources */ = {isa = PBXBuildFile; fileRef = AB0269D81822A97A00E72F53 /* logout_icon@2x.png */; };
		AB026BC21822B23B00E72F53 /* FacebookSDK.framework in Frameworks */ = {isa = PBXBuildFile; fileRef = AB026BC11822B23B00E72F53 /* FacebookSDK.framework */; };
		AB026BC51822B4DB00E72F53 /* facebook_icon.png in Resources */ = {isa = PBXBuildFile; fileRef = AB026BC31822B4DB00E72F53 /* facebook_icon.png */; };
		AB026BC61822B4DB00E72F53 /* facebook_icon@2x.png in Resources */ = {isa = PBXBuildFile; fileRef = AB026BC41822B4DB00E72F53 /* facebook_icon@2x.png */; };
		AB026BC91822BE1200E72F53 /* OMBUserFacebookAuthenticationConnection.m in Sources */ = {isa = PBXBuildFile; fileRef = AB026BC81822BE1200E72F53 /* OMBUserFacebookAuthenticationConnection.m */; };
		AB026BCC1822E01400E72F53 /* user_icon.png in Resources */ = {isa = PBXBuildFile; fileRef = AB026BCA1822E01400E72F53 /* user_icon.png */; };
		AB026BCD1822E01400E72F53 /* user_icon@2x.png in Resources */ = {isa = PBXBuildFile; fileRef = AB026BCB1822E01400E72F53 /* user_icon@2x.png */; };
		AB026BD01822E98500E72F53 /* OMBSignUpConnection.m in Sources */ = {isa = PBXBuildFile; fileRef = AB026BCF1822E98500E72F53 /* OMBSignUpConnection.m */; };
		AB026BD31822EFBC00E72F53 /* OMBFavoritesListViewController.m in Sources */ = {isa = PBXBuildFile; fileRef = AB026BD21822EFBC00E72F53 /* OMBFavoritesListViewController.m */; };
		AB026BD61822F30A00E72F53 /* OMBFavoritesListConnection.m in Sources */ = {isa = PBXBuildFile; fileRef = AB026BD51822F30A00E72F53 /* OMBFavoritesListConnection.m */; };
		AB026BD9182307B200E72F53 /* OMBFavoriteResidence.m in Sources */ = {isa = PBXBuildFile; fileRef = AB026BD8182307B200E72F53 /* OMBFavoriteResidence.m */; };
		AB26130C1818E5920053A8AA /* menu_icon@2x.png in Resources */ = {isa = PBXBuildFile; fileRef = AB26130B1818E5920053A8AA /* menu_icon@2x.png */; };
		AB26130E1818E9970053A8AA /* menu_icon.png in Resources */ = {isa = PBXBuildFile; fileRef = AB26130D1818E9970053A8AA /* menu_icon.png */; };
		AB2613111818EC800053A8AA /* OMBResidenceCell.m in Sources */ = {isa = PBXBuildFile; fileRef = AB2613101818EC800053A8AA /* OMBResidenceCell.m */; };
		AB26131718197D030053A8AA /* OMBCollectionViewController.m in Sources */ = {isa = PBXBuildFile; fileRef = AB26131618197D030053A8AA /* OMBCollectionViewController.m */; };
		AB26131E18198E570053A8AA /* OMBSpringFlowLayout.m in Sources */ = {isa = PBXBuildFile; fileRef = AB26131D18198E570053A8AA /* OMBSpringFlowLayout.m */; };
		AB4F9D1E181AAAED0086D618 /* OMBMenuViewController.m in Sources */ = {isa = PBXBuildFile; fileRef = AB4F9D1D181AAAED0086D618 /* OMBMenuViewController.m */; };
		AB4F9D21181ABD160086D618 /* OMBResidenceImagesConnection.m in Sources */ = {isa = PBXBuildFile; fileRef = AB4F9D20181ABD160086D618 /* OMBResidenceImagesConnection.m */; };
		AB4F9D24181ABFA20086D618 /* OMBResidenceImageDownloader.m in Sources */ = {isa = PBXBuildFile; fileRef = AB4F9D23181ABFA20086D618 /* OMBResidenceImageDownloader.m */; };
		AB4F9D29181B00B20086D618 /* OMBResidenceImageSlideViewController.m in Sources */ = {isa = PBXBuildFile; fileRef = AB4F9D28181B00B20086D618 /* OMBResidenceImageSlideViewController.m */; };
		AB63D2111821774000D63800 /* OMBContactResidenceLandlordConnection.m in Sources */ = {isa = PBXBuildFile; fileRef = AB63D2101821774000D63800 /* OMBContactResidenceLandlordConnection.m */; };
		AB63D2141821AB2C00D63800 /* OMBUser.m in Sources */ = {isa = PBXBuildFile; fileRef = AB63D2131821AB2C00D63800 /* OMBUser.m */; };
		AB63D2171821ABF500D63800 /* OMBLoginViewController.m in Sources */ = {isa = PBXBuildFile; fileRef = AB63D2161821ABF500D63800 /* OMBLoginViewController.m */; };
		AB63D2191821B14400D63800 /* favorite.png in Resources */ = {isa = PBXBuildFile; fileRef = AB63D2181821B14400D63800 /* favorite.png */; };
		AB63D21B1821B17100D63800 /* email_icon@2x.png in Resources */ = {isa = PBXBuildFile; fileRef = AB63D21A1821B17100D63800 /* email_icon@2x.png */; };
		AB63D21D1821B5E400D63800 /* password_icon@2x.png in Resources */ = {isa = PBXBuildFile; fileRef = AB63D21C1821B5E400D63800 /* password_icon@2x.png */; };
		AB63D2201821B93A00D63800 /* OMBLoginConnection.m in Sources */ = {isa = PBXBuildFile; fileRef = AB63D21F1821B93A00D63800 /* OMBLoginConnection.m */; };
		AB76C0E018187B3F006354FB /* UIImage+Color.m in Sources */ = {isa = PBXBuildFile; fileRef = AB76C0DF18187B3F006354FB /* UIImage+Color.m */; };
		AB802E9E18109E5200E04D11 /* Foundation.framework in Frameworks */ = {isa = PBXBuildFile; fileRef = AB802E9D18109E5200E04D11 /* Foundation.framework */; };
		AB802EA018109E5200E04D11 /* CoreGraphics.framework in Frameworks */ = {isa = PBXBuildFile; fileRef = AB802E9F18109E5200E04D11 /* CoreGraphics.framework */; };
		AB802EA218109E5200E04D11 /* UIKit.framework in Frameworks */ = {isa = PBXBuildFile; fileRef = AB802EA118109E5200E04D11 /* UIKit.framework */; };
		AB802EA818109E5200E04D11 /* InfoPlist.strings in Resources */ = {isa = PBXBuildFile; fileRef = AB802EA618109E5200E04D11 /* InfoPlist.strings */; };
		AB802EAA18109E5200E04D11 /* main.m in Sources */ = {isa = PBXBuildFile; fileRef = AB802EA918109E5200E04D11 /* main.m */; };
		AB802EB018109E5200E04D11 /* Images.xcassets in Resources */ = {isa = PBXBuildFile; fileRef = AB802EAF18109E5200E04D11 /* Images.xcassets */; };
		AB802EB718109E5200E04D11 /* XCTest.framework in Frameworks */ = {isa = PBXBuildFile; fileRef = AB802EB618109E5200E04D11 /* XCTest.framework */; };
		AB802EB818109E5200E04D11 /* Foundation.framework in Frameworks */ = {isa = PBXBuildFile; fileRef = AB802E9D18109E5200E04D11 /* Foundation.framework */; };
		AB802EB918109E5200E04D11 /* UIKit.framework in Frameworks */ = {isa = PBXBuildFile; fileRef = AB802EA118109E5200E04D11 /* UIKit.framework */; };
		AB802EC118109E5200E04D11 /* InfoPlist.strings in Resources */ = {isa = PBXBuildFile; fileRef = AB802EBF18109E5200E04D11 /* InfoPlist.strings */; };
		AB802EC318109E5200E04D11 /* OnMyBlockTests.m in Sources */ = {isa = PBXBuildFile; fileRef = AB802EC218109E5200E04D11 /* OnMyBlockTests.m */; };
		AB8C8C0F1815699B00A1B087 /* OMBMapViewControllerTests.m in Sources */ = {isa = PBXBuildFile; fileRef = ABDAA81B181563310027F04C /* OMBMapViewControllerTests.m */; };
		AB8C8C131815784B00A1B087 /* OMBImageDownloader.m in Sources */ = {isa = PBXBuildFile; fileRef = AB8C8C121815784B00A1B087 /* OMBImageDownloader.m */; };
		AB8C8C16181579EE00A1B087 /* placeholder_property.png in Resources */ = {isa = PBXBuildFile; fileRef = AB8C8C14181579EE00A1B087 /* placeholder_property.png */; };
		AB8C8C17181579EE00A1B087 /* placeholder_property@2x.png in Resources */ = {isa = PBXBuildFile; fileRef = AB8C8C15181579EE00A1B087 /* placeholder_property@2x.png */; };
		AB8C8C1918157A2600A1B087 /* marker_single@2x.png in Resources */ = {isa = PBXBuildFile; fileRef = AB8C8C1818157A2600A1B087 /* marker_single@2x.png */; };
		AB8C8C1F1815969700A1B087 /* OMBResidenceStore.m in Sources */ = {isa = PBXBuildFile; fileRef = AB8C8C1E1815969700A1B087 /* OMBResidenceStore.m */; };
		AB8C8C22181597F900A1B087 /* OMBResidence.m in Sources */ = {isa = PBXBuildFile; fileRef = AB8C8C21181597F900A1B087 /* OMBResidence.m */; };
		AB8C8C251815A1CA00A1B087 /* OMBResidenceCoverPhotoURLConnection.m in Sources */ = {isa = PBXBuildFile; fileRef = AB8C8C241815A1CA00A1B087 /* OMBResidenceCoverPhotoURLConnection.m */; };
		AB8C8C281815A62F00A1B087 /* OMBResidenceCoverPhotoDownloader.m in Sources */ = {isa = PBXBuildFile; fileRef = AB8C8C271815A62F00A1B087 /* OMBResidenceCoverPhotoDownloader.m */; };
		AB8C8C2A1815C31000A1B087 /* Accelerate.framework in Frameworks */ = {isa = PBXBuildFile; fileRef = AB8C8C291815C31000A1B087 /* Accelerate.framework */; };
		AB8C8C331815CF2A00A1B087 /* arrow_right@2x.png in Resources */ = {isa = PBXBuildFile; fileRef = AB8C8C321815CF2A00A1B087 /* arrow_right@2x.png */; };
		AB8C8C351815D0E100A1B087 /* arrow_right.png in Resources */ = {isa = PBXBuildFile; fileRef = AB8C8C341815D0E100A1B087 /* arrow_right.png */; };
		AB8C8C381815D7DC00A1B087 /* OMBResidenceDetailViewController.m in Sources */ = {isa = PBXBuildFile; fileRef = AB8C8C371815D7DC00A1B087 /* OMBResidenceDetailViewController.m */; };
		AB9B2602181196F400E6DAC4 /* location.gpx in Resources */ = {isa = PBXBuildFile; fileRef = AB9B2601181196F400E6DAC4 /* location.gpx */; };
		AB9B26091811A74E00E6DAC4 /* OMBAnnotationView.m in Sources */ = {isa = PBXBuildFile; fileRef = AB9B26081811A74E00E6DAC4 /* OMBAnnotationView.m */; };
		AB9B260F1811AA7C00E6DAC4 /* OMBAnnotation.m in Sources */ = {isa = PBXBuildFile; fileRef = AB9B260E1811AA7C00E6DAC4 /* OMBAnnotation.m */; };
		AB9B26231811AE8600E6DAC4 /* marker_single.png in Resources */ = {isa = PBXBuildFile; fileRef = AB9B26221811AE8600E6DAC4 /* marker_single.png */; };
		AB9B26271811AF7B00E6DAC4 /* OMBAnnotationStore.m in Sources */ = {isa = PBXBuildFile; fileRef = AB9B26261811AF7B00E6DAC4 /* OMBAnnotationStore.m */; };
		AB9B26391811B7ED00E6DAC4 /* OCAlgorithms.m in Sources */ = {isa = PBXBuildFile; fileRef = AB9B26311811B7ED00E6DAC4 /* OCAlgorithms.m */; };
		AB9B263A1811B7ED00E6DAC4 /* OCAnnotation.m in Sources */ = {isa = PBXBuildFile; fileRef = AB9B26331811B7ED00E6DAC4 /* OCAnnotation.m */; };
		AB9B263B1811B7ED00E6DAC4 /* OCDistance.m in Sources */ = {isa = PBXBuildFile; fileRef = AB9B26351811B7ED00E6DAC4 /* OCDistance.m */; };
		AB9B263C1811B7ED00E6DAC4 /* OCMapView.m in Sources */ = {isa = PBXBuildFile; fileRef = AB9B26381811B7ED00E6DAC4 /* OCMapView.m */; };
		AB9B26461811CB1300E6DAC4 /* NSDate+TimeAgo.m in Sources */ = {isa = PBXBuildFile; fileRef = AB9B263F1811CB1300E6DAC4 /* NSDate+TimeAgo.m */; };
		AB9B26471811CB1300E6DAC4 /* NSString+Extensions.m in Sources */ = {isa = PBXBuildFile; fileRef = AB9B26411811CB1300E6DAC4 /* NSString+Extensions.m */; };
		AB9B26481811CB1300E6DAC4 /* UIColor+Extensions.m in Sources */ = {isa = PBXBuildFile; fileRef = AB9B26431811CB1300E6DAC4 /* UIColor+Extensions.m */; };
		AB9B26491811CB1300E6DAC4 /* UIImage+Resize.m in Sources */ = {isa = PBXBuildFile; fileRef = AB9B26451811CB1300E6DAC4 /* UIImage+Resize.m */; };
		AB9B264D1811CE6D00E6DAC4 /* OMBConnection.m in Sources */ = {isa = PBXBuildFile; fileRef = AB9B264C1811CE6D00E6DAC4 /* OMBConnection.m */; };
		AB9B26501811CE8E00E6DAC4 /* OMBPropertiesConnection.m in Sources */ = {isa = PBXBuildFile; fileRef = AB9B264F1811CE8E00E6DAC4 /* OMBPropertiesConnection.m */; };
		AB9B8C1F1819EECF0009199A /* OMBResidenceCollectionViewCell.m in Sources */ = {isa = PBXBuildFile; fileRef = AB9B8C1E1819EECF0009199A /* OMBResidenceCollectionViewCell.m */; };
		ABACA728181EDDBB004EBF6A /* favorite@2x.png in Resources */ = {isa = PBXBuildFile; fileRef = ABACA727181EDDBB004EBF6A /* favorite@2x.png */; };
		ABB022C318248D6E00F98544 /* NewRelicAgent.framework in Frameworks */ = {isa = PBXBuildFile; fileRef = ABB022C218248D6E00F98544 /* NewRelicAgent.framework */; };
		ABB022C518248D9100F98544 /* CoreTelephony.framework in Frameworks */ = {isa = PBXBuildFile; fileRef = ABB022C418248D9100F98544 /* CoreTelephony.framework */; };
		ABB022C718248D9800F98544 /* SystemConfiguration.framework in Frameworks */ = {isa = PBXBuildFile; fileRef = ABB022C618248D9800F98544 /* SystemConfiguration.framework */; };
		ABB022D3182490D700F98544 /* CoreData.framework in Frameworks */ = {isa = PBXBuildFile; fileRef = ABB022D2182490D700F98544 /* CoreData.framework */; };
		ABB022DD182491FD00F98544 /* libGoogleAnalytics_debug.a in Frameworks */ = {isa = PBXBuildFile; fileRef = ABB022DB182491FD00F98544 /* libGoogleAnalytics_debug.a */; };
		ABB022DE182491FD00F98544 /* libGoogleAnalyticsServices.a in Frameworks */ = {isa = PBXBuildFile; fileRef = ABB022DC182491FD00F98544 /* libGoogleAnalyticsServices.a */; };
		ABB3C5701811719B00DD91C9 /* OMBAppDelegate.m in Sources */ = {isa = PBXBuildFile; fileRef = ABB3C56E1811719B00DD91C9 /* OMBAppDelegate.m */; };
		ABB3C5741811776700DD91C9 /* OMBViewController.m in Sources */ = {isa = PBXBuildFile; fileRef = ABB3C5731811776700DD91C9 /* OMBViewController.m */; };
		ABB3C5771811778000DD91C9 /* OMBMapViewController.m in Sources */ = {isa = PBXBuildFile; fileRef = ABB3C5761811778000DD91C9 /* OMBMapViewController.m */; };
		ABB3C57F1811781C00DD91C9 /* MFSideMenuContainerViewController.m in Sources */ = {isa = PBXBuildFile; fileRef = ABB3C57E1811781C00DD91C9 /* MFSideMenuContainerViewController.m */; };
		ABB3C5821811789100DD91C9 /* OMBTabBarController.m in Sources */ = {isa = PBXBuildFile; fileRef = ABB3C5811811789100DD91C9 /* OMBTabBarController.m */; };
		ABB3C585181178AE00DD91C9 /* OMBNavigationController.m in Sources */ = {isa = PBXBuildFile; fileRef = ABB3C584181178AE00DD91C9 /* OMBNavigationController.m */; };
		ABB3C58718117C1C00DD91C9 /* MapKit.framework in Frameworks */ = {isa = PBXBuildFile; fileRef = ABB3C58618117C1C00DD91C9 /* MapKit.framework */; };
		ABB3C58918117C2200DD91C9 /* CoreLocation.framework in Frameworks */ = {isa = PBXBuildFile; fileRef = ABB3C58818117C2200DD91C9 /* CoreLocation.framework */; };
		ABBB18CB182408DB00211499 /* OMBFavoriteResidenceConnection.m in Sources */ = {isa = PBXBuildFile; fileRef = ABBB18CA182408DB00211499 /* OMBFavoriteResidenceConnection.m */; };
		ABBB18CE1824138E00211499 /* favorite_pink.png in Resources */ = {isa = PBXBuildFile; fileRef = ABBB18CC1824138E00211499 /* favorite_pink.png */; };
		ABBB18CF1824138E00211499 /* favorite_pink@2x.png in Resources */ = {isa = PBXBuildFile; fileRef = ABBB18CD1824138E00211499 /* favorite_pink@2x.png */; };
		ABBB18D518243C3300211499 /* favorite_outline@2x.png in Resources */ = {isa = PBXBuildFile; fileRef = ABBB18D418243C3300211499 /* favorite_outline@2x.png */; };
		ABBB18D718243D4F00211499 /* favorite_outline.png in Resources */ = {isa = PBXBuildFile; fileRef = ABBB18D618243D4F00211499 /* favorite_outline.png */; };
		ABBB18DA1824432D00211499 /* OMBImageScrollView.m in Sources */ = {isa = PBXBuildFile; fileRef = ABBB18D91824432D00211499 /* OMBImageScrollView.m */; };
		ABBB18DD182453BF00211499 /* OMBAnnotationCity.m in Sources */ = {isa = PBXBuildFile; fileRef = ABBB18DC182453BF00211499 /* OMBAnnotationCity.m */; };
		ABBB18E9182458E200211499 /* libz.dylib in Frameworks */ = {isa = PBXBuildFile; fileRef = ABBB18E8182458E200211499 /* libz.dylib */; };
		ABC48E7A1812397300F01D8D /* QuartzCore.framework in Frameworks */ = {isa = PBXBuildFile; fileRef = ABC48E791812397300F01D8D /* QuartzCore.framework */; };
		ABC48E7D18125AF000F01D8D /* OMBPropertyInfoView.m in Sources */ = {isa = PBXBuildFile; fileRef = ABC48E7C18125AF000F01D8D /* OMBPropertyInfoView.m */; };
		ABD8EF4C181FFC4B00C28686 /* OMBResidenceDetailConnection.m in Sources */ = {isa = PBXBuildFile; fileRef = ABD8EF4B181FFC4B00C28686 /* OMBResidenceDetailConnection.m */; };
		ABD8EF4F1820071600C28686 /* OMBResidenceTests.m in Sources */ = {isa = PBXBuildFile; fileRef = ABD8EF4E1820071600C28686 /* OMBResidenceTests.m */; };
		ABD8EF5218205AE200C28686 /* OMBResidenceSimilarConnection.m in Sources */ = {isa = PBXBuildFile; fileRef = ABD8EF5118205AE200C28686 /* OMBResidenceSimilarConnection.m */; };
		ABF18BA41816BC53002DD723 /* marker_circle_deselected.png in Resources */ = {isa = PBXBuildFile; fileRef = ABF18BA01816BC53002DD723 /* marker_circle_deselected.png */; };
		ABF18BA51816BC53002DD723 /* marker_circle_deselected@2x.png in Resources */ = {isa = PBXBuildFile; fileRef = ABF18BA11816BC53002DD723 /* marker_circle_deselected@2x.png */; };
		ABF18BA61816BC53002DD723 /* marker_circle_selected.png in Resources */ = {isa = PBXBuildFile; fileRef = ABF18BA21816BC53002DD723 /* marker_circle_selected.png */; };
		ABF18BA71816BC53002DD723 /* marker_circle_selected@2x.png in Resources */ = {isa = PBXBuildFile; fileRef = ABF18BA31816BC53002DD723 /* marker_circle_selected@2x.png */; };
		ABF18BAA1816C3AD002DD723 /* list_segmented_control@2x.png in Resources */ = {isa = PBXBuildFile; fileRef = ABF18BA81816C3AD002DD723 /* list_segmented_control@2x.png */; };
		ABF18BAB1816C3AD002DD723 /* map_segmented_control@2x.png in Resources */ = {isa = PBXBuildFile; fileRef = ABF18BA91816C3AD002DD723 /* map_segmented_control@2x.png */; };
		ABF18BAE1816C73B002DD723 /* OMBMapFilterViewController.m in Sources */ = {isa = PBXBuildFile; fileRef = ABF18BAD1816C73B002DD723 /* OMBMapFilterViewController.m */; };
		ABF18BB11816CC65002DD723 /* OMBNeighborhood.m in Sources */ = {isa = PBXBuildFile; fileRef = ABF18BB01816CC65002DD723 /* OMBNeighborhood.m */; };
		ABF18BB41816CCDA002DD723 /* OMBNeighborhoodStore.m in Sources */ = {isa = PBXBuildFile; fileRef = ABF18BB31816CCDA002DD723 /* OMBNeighborhoodStore.m */; };
		ABF18BBA1816D3F0002DD723 /* TextFieldPadding.m in Sources */ = {isa = PBXBuildFile; fileRef = ABF18BB91816D3F0002DD723 /* TextFieldPadding.m */; };
		ABF18BBD1816F913002DD723 /* OMBListButton.m in Sources */ = {isa = PBXBuildFile; fileRef = ABF18BBC1816F913002DD723 /* OMBListButton.m */; };
		ABF18BBF181703A3002DD723 /* search@2x.png in Resources */ = {isa = PBXBuildFile; fileRef = ABF18BBE181703A3002DD723 /* search@2x.png */; };
		ABF18BC118170EED002DD723 /* search.png in Resources */ = {isa = PBXBuildFile; fileRef = ABF18BC018170EED002DD723 /* search.png */; };
		ABF18BC418170F43002DD723 /* list_segmented_control.png in Resources */ = {isa = PBXBuildFile; fileRef = ABF18BC218170F43002DD723 /* list_segmented_control.png */; };
		ABF18BC518170F43002DD723 /* map_segmented_control.png in Resources */ = {isa = PBXBuildFile; fileRef = ABF18BC318170F43002DD723 /* map_segmented_control.png */; };
/* End PBXBuildFile section */

/* Begin PBXContainerItemProxy section */
		AB802EBA18109E5200E04D11 /* PBXContainerItemProxy */ = {
			isa = PBXContainerItemProxy;
			containerPortal = AB802E9218109E5200E04D11 /* Project object */;
			proxyType = 1;
			remoteGlobalIDString = AB802E9918109E5200E04D11;
			remoteInfo = OnMyBlock;
		};
/* End PBXContainerItemProxy section */

/* Begin PBXFileReference section */
		AB0269A318220C1A00E72F53 /* phone@2x.png */ = {isa = PBXFileReference; lastKnownFileType = image.png; path = "phone@2x.png"; sourceTree = "<group>"; };
		AB0269A518220CA700E72F53 /* phone.png */ = {isa = PBXFileReference; lastKnownFileType = image.png; path = phone.png; sourceTree = "<group>"; };
		AB0269A718220CD600E72F53 /* email_icon.png */ = {isa = PBXFileReference; lastKnownFileType = image.png; path = email_icon.png; sourceTree = "<group>"; };
		AB0269A918220D2300E72F53 /* password_icon.png */ = {isa = PBXFileReference; lastKnownFileType = image.png; path = password_icon.png; sourceTree = "<group>"; };
		AB0269B01822147C00E72F53 /* DRNRealTimeBlurView.h */ = {isa = PBXFileReference; fileEncoding = 4; lastKnownFileType = sourcecode.c.h; path = DRNRealTimeBlurView.h; sourceTree = "<group>"; };
		AB0269B11822147C00E72F53 /* DRNRealTimeBlurView.m */ = {isa = PBXFileReference; fileEncoding = 4; lastKnownFileType = sourcecode.c.objc; path = DRNRealTimeBlurView.m; sourceTree = "<group>"; };
		AB0269B21822147C00E72F53 /* UIImage+BoxBlur.h */ = {isa = PBXFileReference; fileEncoding = 4; lastKnownFileType = sourcecode.c.h; path = "UIImage+BoxBlur.h"; sourceTree = "<group>"; };
		AB0269B31822147C00E72F53 /* UIImage+BoxBlur.m */ = {isa = PBXFileReference; fileEncoding = 4; lastKnownFileType = sourcecode.c.objc; path = "UIImage+BoxBlur.m"; sourceTree = "<group>"; };
		AB0269B61822155900E72F53 /* menu_background@2x.jpg */ = {isa = PBXFileReference; lastKnownFileType = image.jpeg; path = "menu_background@2x.jpg"; sourceTree = "<group>"; };
		AB0269B8182292F500E72F53 /* CoreImage.framework */ = {isa = PBXFileReference; lastKnownFileType = wrapper.framework; name = CoreImage.framework; path = System/Library/Frameworks/CoreImage.framework; sourceTree = SDKROOT; };
		AB0269BB182293DC00E72F53 /* UIImage+NegativeImage.h */ = {isa = PBXFileReference; fileEncoding = 4; lastKnownFileType = sourcecode.c.h; path = "UIImage+NegativeImage.h"; sourceTree = "<group>"; };
		AB0269BC182293DC00E72F53 /* UIImage+NegativeImage.m */ = {isa = PBXFileReference; fileEncoding = 4; lastKnownFileType = sourcecode.c.objc; path = "UIImage+NegativeImage.m"; sourceTree = "<group>"; };
		AB0269C418229CA400E72F53 /* sign_up_icon.png */ = {isa = PBXFileReference; lastKnownFileType = image.png; path = sign_up_icon.png; sourceTree = "<group>"; };
		AB0269C518229CA400E72F53 /* sign_up_icon@2x.png */ = {isa = PBXFileReference; lastKnownFileType = image.png; path = "sign_up_icon@2x.png"; sourceTree = "<group>"; };
		AB0269CC18229DD800E72F53 /* login_icon.png */ = {isa = PBXFileReference; lastKnownFileType = image.png; path = login_icon.png; sourceTree = "<group>"; };
		AB0269CD18229DD800E72F53 /* login_icon@2x.png */ = {isa = PBXFileReference; lastKnownFileType = image.png; path = "login_icon@2x.png"; sourceTree = "<group>"; };
		AB0269D41822A12600E72F53 /* AMBlurView.h */ = {isa = PBXFileReference; fileEncoding = 4; lastKnownFileType = sourcecode.c.h; path = AMBlurView.h; sourceTree = "<group>"; };
		AB0269D51822A12600E72F53 /* AMBlurView.m */ = {isa = PBXFileReference; fileEncoding = 4; lastKnownFileType = sourcecode.c.objc; path = AMBlurView.m; sourceTree = "<group>"; };
		AB0269D71822A97A00E72F53 /* logout_icon.png */ = {isa = PBXFileReference; lastKnownFileType = image.png; path = logout_icon.png; sourceTree = "<group>"; };
		AB0269D81822A97A00E72F53 /* logout_icon@2x.png */ = {isa = PBXFileReference; lastKnownFileType = image.png; path = "logout_icon@2x.png"; sourceTree = "<group>"; };
		AB026BC11822B23B00E72F53 /* FacebookSDK.framework */ = {isa = PBXFileReference; lastKnownFileType = wrapper.framework; name = FacebookSDK.framework; path = FacebookSDK/FacebookSDK.framework; sourceTree = "<group>"; };
		AB026BC31822B4DB00E72F53 /* facebook_icon.png */ = {isa = PBXFileReference; lastKnownFileType = image.png; path = facebook_icon.png; sourceTree = "<group>"; };
		AB026BC41822B4DB00E72F53 /* facebook_icon@2x.png */ = {isa = PBXFileReference; lastKnownFileType = image.png; path = "facebook_icon@2x.png"; sourceTree = "<group>"; };
		AB026BC71822BE1200E72F53 /* OMBUserFacebookAuthenticationConnection.h */ = {isa = PBXFileReference; fileEncoding = 4; lastKnownFileType = sourcecode.c.h; path = OMBUserFacebookAuthenticationConnection.h; sourceTree = "<group>"; };
		AB026BC81822BE1200E72F53 /* OMBUserFacebookAuthenticationConnection.m */ = {isa = PBXFileReference; fileEncoding = 4; lastKnownFileType = sourcecode.c.objc; path = OMBUserFacebookAuthenticationConnection.m; sourceTree = "<group>"; };
		AB026BCA1822E01400E72F53 /* user_icon.png */ = {isa = PBXFileReference; lastKnownFileType = image.png; path = user_icon.png; sourceTree = "<group>"; };
		AB026BCB1822E01400E72F53 /* user_icon@2x.png */ = {isa = PBXFileReference; lastKnownFileType = image.png; path = "user_icon@2x.png"; sourceTree = "<group>"; };
		AB026BCE1822E98500E72F53 /* OMBSignUpConnection.h */ = {isa = PBXFileReference; fileEncoding = 4; lastKnownFileType = sourcecode.c.h; path = OMBSignUpConnection.h; sourceTree = "<group>"; };
		AB026BCF1822E98500E72F53 /* OMBSignUpConnection.m */ = {isa = PBXFileReference; fileEncoding = 4; lastKnownFileType = sourcecode.c.objc; path = OMBSignUpConnection.m; sourceTree = "<group>"; };
		AB026BD11822EFBC00E72F53 /* OMBFavoritesListViewController.h */ = {isa = PBXFileReference; fileEncoding = 4; lastKnownFileType = sourcecode.c.h; path = OMBFavoritesListViewController.h; sourceTree = "<group>"; };
		AB026BD21822EFBC00E72F53 /* OMBFavoritesListViewController.m */ = {isa = PBXFileReference; fileEncoding = 4; lastKnownFileType = sourcecode.c.objc; path = OMBFavoritesListViewController.m; sourceTree = "<group>"; };
		AB026BD41822F30A00E72F53 /* OMBFavoritesListConnection.h */ = {isa = PBXFileReference; fileEncoding = 4; lastKnownFileType = sourcecode.c.h; path = OMBFavoritesListConnection.h; sourceTree = "<group>"; };
		AB026BD51822F30A00E72F53 /* OMBFavoritesListConnection.m */ = {isa = PBXFileReference; fileEncoding = 4; lastKnownFileType = sourcecode.c.objc; path = OMBFavoritesListConnection.m; sourceTree = "<group>"; };
		AB026BD7182307B200E72F53 /* OMBFavoriteResidence.h */ = {isa = PBXFileReference; fileEncoding = 4; lastKnownFileType = sourcecode.c.h; path = OMBFavoriteResidence.h; sourceTree = "<group>"; };
		AB026BD8182307B200E72F53 /* OMBFavoriteResidence.m */ = {isa = PBXFileReference; fileEncoding = 4; lastKnownFileType = sourcecode.c.objc; path = OMBFavoriteResidence.m; sourceTree = "<group>"; };
		AB26130B1818E5920053A8AA /* menu_icon@2x.png */ = {isa = PBXFileReference; lastKnownFileType = image.png; path = "menu_icon@2x.png"; sourceTree = "<group>"; };
		AB26130D1818E9970053A8AA /* menu_icon.png */ = {isa = PBXFileReference; lastKnownFileType = image.png; path = menu_icon.png; sourceTree = "<group>"; };
		AB26130F1818EC800053A8AA /* OMBResidenceCell.h */ = {isa = PBXFileReference; fileEncoding = 4; lastKnownFileType = sourcecode.c.h; path = OMBResidenceCell.h; sourceTree = "<group>"; };
		AB2613101818EC800053A8AA /* OMBResidenceCell.m */ = {isa = PBXFileReference; fileEncoding = 4; lastKnownFileType = sourcecode.c.objc; path = OMBResidenceCell.m; sourceTree = "<group>"; };
		AB26131518197D030053A8AA /* OMBCollectionViewController.h */ = {isa = PBXFileReference; fileEncoding = 4; lastKnownFileType = sourcecode.c.h; path = OMBCollectionViewController.h; sourceTree = "<group>"; };
		AB26131618197D030053A8AA /* OMBCollectionViewController.m */ = {isa = PBXFileReference; fileEncoding = 4; lastKnownFileType = sourcecode.c.objc; path = OMBCollectionViewController.m; sourceTree = "<group>"; };
		AB26131C18198E570053A8AA /* OMBSpringFlowLayout.h */ = {isa = PBXFileReference; fileEncoding = 4; lastKnownFileType = sourcecode.c.h; path = OMBSpringFlowLayout.h; sourceTree = "<group>"; };
		AB26131D18198E570053A8AA /* OMBSpringFlowLayout.m */ = {isa = PBXFileReference; fileEncoding = 4; lastKnownFileType = sourcecode.c.objc; path = OMBSpringFlowLayout.m; sourceTree = "<group>"; };
		AB4F9D1C181AAAED0086D618 /* OMBMenuViewController.h */ = {isa = PBXFileReference; fileEncoding = 4; lastKnownFileType = sourcecode.c.h; path = OMBMenuViewController.h; sourceTree = "<group>"; };
		AB4F9D1D181AAAED0086D618 /* OMBMenuViewController.m */ = {isa = PBXFileReference; fileEncoding = 4; lastKnownFileType = sourcecode.c.objc; path = OMBMenuViewController.m; sourceTree = "<group>"; };
		AB4F9D1F181ABD160086D618 /* OMBResidenceImagesConnection.h */ = {isa = PBXFileReference; fileEncoding = 4; lastKnownFileType = sourcecode.c.h; path = OMBResidenceImagesConnection.h; sourceTree = "<group>"; };
		AB4F9D20181ABD160086D618 /* OMBResidenceImagesConnection.m */ = {isa = PBXFileReference; fileEncoding = 4; lastKnownFileType = sourcecode.c.objc; path = OMBResidenceImagesConnection.m; sourceTree = "<group>"; };
		AB4F9D22181ABFA20086D618 /* OMBResidenceImageDownloader.h */ = {isa = PBXFileReference; fileEncoding = 4; lastKnownFileType = sourcecode.c.h; path = OMBResidenceImageDownloader.h; sourceTree = "<group>"; };
		AB4F9D23181ABFA20086D618 /* OMBResidenceImageDownloader.m */ = {isa = PBXFileReference; fileEncoding = 4; lastKnownFileType = sourcecode.c.objc; path = OMBResidenceImageDownloader.m; sourceTree = "<group>"; };
		AB4F9D27181B00B20086D618 /* OMBResidenceImageSlideViewController.h */ = {isa = PBXFileReference; fileEncoding = 4; lastKnownFileType = sourcecode.c.h; path = OMBResidenceImageSlideViewController.h; sourceTree = "<group>"; };
		AB4F9D28181B00B20086D618 /* OMBResidenceImageSlideViewController.m */ = {isa = PBXFileReference; fileEncoding = 4; lastKnownFileType = sourcecode.c.objc; path = OMBResidenceImageSlideViewController.m; sourceTree = "<group>"; };
		AB63D20F1821774000D63800 /* OMBContactResidenceLandlordConnection.h */ = {isa = PBXFileReference; fileEncoding = 4; lastKnownFileType = sourcecode.c.h; path = OMBContactResidenceLandlordConnection.h; sourceTree = "<group>"; };
		AB63D2101821774000D63800 /* OMBContactResidenceLandlordConnection.m */ = {isa = PBXFileReference; fileEncoding = 4; lastKnownFileType = sourcecode.c.objc; path = OMBContactResidenceLandlordConnection.m; sourceTree = "<group>"; };
		AB63D2121821AB2C00D63800 /* OMBUser.h */ = {isa = PBXFileReference; fileEncoding = 4; lastKnownFileType = sourcecode.c.h; path = OMBUser.h; sourceTree = "<group>"; };
		AB63D2131821AB2C00D63800 /* OMBUser.m */ = {isa = PBXFileReference; fileEncoding = 4; lastKnownFileType = sourcecode.c.objc; path = OMBUser.m; sourceTree = "<group>"; };
		AB63D2151821ABF500D63800 /* OMBLoginViewController.h */ = {isa = PBXFileReference; fileEncoding = 4; lastKnownFileType = sourcecode.c.h; path = OMBLoginViewController.h; sourceTree = "<group>"; };
		AB63D2161821ABF500D63800 /* OMBLoginViewController.m */ = {isa = PBXFileReference; fileEncoding = 4; lastKnownFileType = sourcecode.c.objc; path = OMBLoginViewController.m; sourceTree = "<group>"; };
		AB63D2181821B14400D63800 /* favorite.png */ = {isa = PBXFileReference; lastKnownFileType = image.png; path = favorite.png; sourceTree = "<group>"; };
		AB63D21A1821B17100D63800 /* email_icon@2x.png */ = {isa = PBXFileReference; lastKnownFileType = image.png; path = "email_icon@2x.png"; sourceTree = "<group>"; };
		AB63D21C1821B5E400D63800 /* password_icon@2x.png */ = {isa = PBXFileReference; lastKnownFileType = image.png; path = "password_icon@2x.png"; sourceTree = "<group>"; };
		AB63D21E1821B93A00D63800 /* OMBLoginConnection.h */ = {isa = PBXFileReference; fileEncoding = 4; lastKnownFileType = sourcecode.c.h; path = OMBLoginConnection.h; sourceTree = "<group>"; };
		AB63D21F1821B93A00D63800 /* OMBLoginConnection.m */ = {isa = PBXFileReference; fileEncoding = 4; lastKnownFileType = sourcecode.c.objc; path = OMBLoginConnection.m; sourceTree = "<group>"; };
		AB76C0DE18187B3F006354FB /* UIImage+Color.h */ = {isa = PBXFileReference; fileEncoding = 4; lastKnownFileType = sourcecode.c.h; path = "UIImage+Color.h"; sourceTree = "<group>"; };
		AB76C0DF18187B3F006354FB /* UIImage+Color.m */ = {isa = PBXFileReference; fileEncoding = 4; lastKnownFileType = sourcecode.c.objc; path = "UIImage+Color.m"; sourceTree = "<group>"; };
		AB802E9A18109E5200E04D11 /* OnMyBlock.app */ = {isa = PBXFileReference; explicitFileType = wrapper.application; includeInIndex = 0; path = OnMyBlock.app; sourceTree = BUILT_PRODUCTS_DIR; };
		AB802E9D18109E5200E04D11 /* Foundation.framework */ = {isa = PBXFileReference; lastKnownFileType = wrapper.framework; name = Foundation.framework; path = System/Library/Frameworks/Foundation.framework; sourceTree = SDKROOT; };
		AB802E9F18109E5200E04D11 /* CoreGraphics.framework */ = {isa = PBXFileReference; lastKnownFileType = wrapper.framework; name = CoreGraphics.framework; path = System/Library/Frameworks/CoreGraphics.framework; sourceTree = SDKROOT; };
		AB802EA118109E5200E04D11 /* UIKit.framework */ = {isa = PBXFileReference; lastKnownFileType = wrapper.framework; name = UIKit.framework; path = System/Library/Frameworks/UIKit.framework; sourceTree = SDKROOT; };
		AB802EA518109E5200E04D11 /* OnMyBlock-Info.plist */ = {isa = PBXFileReference; lastKnownFileType = text.plist.xml; path = "OnMyBlock-Info.plist"; sourceTree = "<group>"; };
		AB802EA718109E5200E04D11 /* en */ = {isa = PBXFileReference; lastKnownFileType = text.plist.strings; name = en; path = en.lproj/InfoPlist.strings; sourceTree = "<group>"; };
		AB802EA918109E5200E04D11 /* main.m */ = {isa = PBXFileReference; lastKnownFileType = sourcecode.c.objc; path = main.m; sourceTree = "<group>"; };
		AB802EAB18109E5200E04D11 /* OnMyBlock-Prefix.pch */ = {isa = PBXFileReference; lastKnownFileType = sourcecode.c.h; path = "OnMyBlock-Prefix.pch"; sourceTree = "<group>"; };
		AB802EAF18109E5200E04D11 /* Images.xcassets */ = {isa = PBXFileReference; lastKnownFileType = folder.assetcatalog; path = Images.xcassets; sourceTree = "<group>"; };
		AB802EB518109E5200E04D11 /* OnMyBlockTests.xctest */ = {isa = PBXFileReference; explicitFileType = wrapper.cfbundle; includeInIndex = 0; path = OnMyBlockTests.xctest; sourceTree = BUILT_PRODUCTS_DIR; };
		AB802EB618109E5200E04D11 /* XCTest.framework */ = {isa = PBXFileReference; lastKnownFileType = wrapper.framework; name = XCTest.framework; path = Library/Frameworks/XCTest.framework; sourceTree = DEVELOPER_DIR; };
		AB802EBE18109E5200E04D11 /* OnMyBlockTests-Info.plist */ = {isa = PBXFileReference; lastKnownFileType = text.plist.xml; path = "OnMyBlockTests-Info.plist"; sourceTree = "<group>"; };
		AB802EC018109E5200E04D11 /* en */ = {isa = PBXFileReference; lastKnownFileType = text.plist.strings; name = en; path = en.lproj/InfoPlist.strings; sourceTree = "<group>"; };
		AB802EC218109E5200E04D11 /* OnMyBlockTests.m */ = {isa = PBXFileReference; lastKnownFileType = sourcecode.c.objc; path = OnMyBlockTests.m; sourceTree = "<group>"; };
		AB8C8C111815784B00A1B087 /* OMBImageDownloader.h */ = {isa = PBXFileReference; fileEncoding = 4; lastKnownFileType = sourcecode.c.h; path = OMBImageDownloader.h; sourceTree = "<group>"; };
		AB8C8C121815784B00A1B087 /* OMBImageDownloader.m */ = {isa = PBXFileReference; fileEncoding = 4; lastKnownFileType = sourcecode.c.objc; path = OMBImageDownloader.m; sourceTree = "<group>"; };
		AB8C8C14181579EE00A1B087 /* placeholder_property.png */ = {isa = PBXFileReference; lastKnownFileType = image.png; path = placeholder_property.png; sourceTree = "<group>"; };
		AB8C8C15181579EE00A1B087 /* placeholder_property@2x.png */ = {isa = PBXFileReference; lastKnownFileType = image.png; path = "placeholder_property@2x.png"; sourceTree = "<group>"; };
		AB8C8C1818157A2600A1B087 /* marker_single@2x.png */ = {isa = PBXFileReference; lastKnownFileType = image.png; path = "marker_single@2x.png"; sourceTree = "<group>"; };
		AB8C8C1D1815969700A1B087 /* OMBResidenceStore.h */ = {isa = PBXFileReference; fileEncoding = 4; lastKnownFileType = sourcecode.c.h; path = OMBResidenceStore.h; sourceTree = "<group>"; };
		AB8C8C1E1815969700A1B087 /* OMBResidenceStore.m */ = {isa = PBXFileReference; fileEncoding = 4; lastKnownFileType = sourcecode.c.objc; path = OMBResidenceStore.m; sourceTree = "<group>"; };
		AB8C8C20181597F900A1B087 /* OMBResidence.h */ = {isa = PBXFileReference; fileEncoding = 4; lastKnownFileType = sourcecode.c.h; path = OMBResidence.h; sourceTree = "<group>"; };
		AB8C8C21181597F900A1B087 /* OMBResidence.m */ = {isa = PBXFileReference; fileEncoding = 4; lastKnownFileType = sourcecode.c.objc; path = OMBResidence.m; sourceTree = "<group>"; };
		AB8C8C231815A1CA00A1B087 /* OMBResidenceCoverPhotoURLConnection.h */ = {isa = PBXFileReference; fileEncoding = 4; lastKnownFileType = sourcecode.c.h; path = OMBResidenceCoverPhotoURLConnection.h; sourceTree = "<group>"; };
		AB8C8C241815A1CA00A1B087 /* OMBResidenceCoverPhotoURLConnection.m */ = {isa = PBXFileReference; fileEncoding = 4; lastKnownFileType = sourcecode.c.objc; path = OMBResidenceCoverPhotoURLConnection.m; sourceTree = "<group>"; };
		AB8C8C261815A62F00A1B087 /* OMBResidenceCoverPhotoDownloader.h */ = {isa = PBXFileReference; fileEncoding = 4; lastKnownFileType = sourcecode.c.h; path = OMBResidenceCoverPhotoDownloader.h; sourceTree = "<group>"; };
		AB8C8C271815A62F00A1B087 /* OMBResidenceCoverPhotoDownloader.m */ = {isa = PBXFileReference; fileEncoding = 4; lastKnownFileType = sourcecode.c.objc; path = OMBResidenceCoverPhotoDownloader.m; sourceTree = "<group>"; };
		AB8C8C291815C31000A1B087 /* Accelerate.framework */ = {isa = PBXFileReference; lastKnownFileType = wrapper.framework; name = Accelerate.framework; path = System/Library/Frameworks/Accelerate.framework; sourceTree = SDKROOT; };
		AB8C8C321815CF2A00A1B087 /* arrow_right@2x.png */ = {isa = PBXFileReference; lastKnownFileType = image.png; path = "arrow_right@2x.png"; sourceTree = "<group>"; };
		AB8C8C341815D0E100A1B087 /* arrow_right.png */ = {isa = PBXFileReference; lastKnownFileType = image.png; path = arrow_right.png; sourceTree = "<group>"; };
		AB8C8C361815D7DC00A1B087 /* OMBResidenceDetailViewController.h */ = {isa = PBXFileReference; fileEncoding = 4; lastKnownFileType = sourcecode.c.h; path = OMBResidenceDetailViewController.h; sourceTree = "<group>"; };
		AB8C8C371815D7DC00A1B087 /* OMBResidenceDetailViewController.m */ = {isa = PBXFileReference; fileEncoding = 4; lastKnownFileType = sourcecode.c.objc; path = OMBResidenceDetailViewController.m; sourceTree = "<group>"; };
		AB9B2601181196F400E6DAC4 /* location.gpx */ = {isa = PBXFileReference; fileEncoding = 4; lastKnownFileType = text; path = location.gpx; sourceTree = "<group>"; };
		AB9B26071811A74E00E6DAC4 /* OMBAnnotationView.h */ = {isa = PBXFileReference; fileEncoding = 4; lastKnownFileType = sourcecode.c.h; path = OMBAnnotationView.h; sourceTree = "<group>"; };
		AB9B26081811A74E00E6DAC4 /* OMBAnnotationView.m */ = {isa = PBXFileReference; fileEncoding = 4; lastKnownFileType = sourcecode.c.objc; path = OMBAnnotationView.m; sourceTree = "<group>"; };
		AB9B260D1811AA7C00E6DAC4 /* OMBAnnotation.h */ = {isa = PBXFileReference; fileEncoding = 4; lastKnownFileType = sourcecode.c.h; path = OMBAnnotation.h; sourceTree = "<group>"; };
		AB9B260E1811AA7C00E6DAC4 /* OMBAnnotation.m */ = {isa = PBXFileReference; fileEncoding = 4; lastKnownFileType = sourcecode.c.objc; path = OMBAnnotation.m; sourceTree = "<group>"; };
		AB9B26221811AE8600E6DAC4 /* marker_single.png */ = {isa = PBXFileReference; lastKnownFileType = image.png; path = marker_single.png; sourceTree = "<group>"; };
		AB9B26251811AF7B00E6DAC4 /* OMBAnnotationStore.h */ = {isa = PBXFileReference; fileEncoding = 4; lastKnownFileType = sourcecode.c.h; path = OMBAnnotationStore.h; sourceTree = "<group>"; };
		AB9B26261811AF7B00E6DAC4 /* OMBAnnotationStore.m */ = {isa = PBXFileReference; fileEncoding = 4; lastKnownFileType = sourcecode.c.objc; path = OMBAnnotationStore.m; sourceTree = "<group>"; };
		AB9B262F1811B7ED00E6DAC4 /* OCAlgorithmDelegate.h */ = {isa = PBXFileReference; fileEncoding = 4; lastKnownFileType = sourcecode.c.h; path = OCAlgorithmDelegate.h; sourceTree = "<group>"; };
		AB9B26301811B7ED00E6DAC4 /* OCAlgorithms.h */ = {isa = PBXFileReference; fileEncoding = 4; lastKnownFileType = sourcecode.c.h; path = OCAlgorithms.h; sourceTree = "<group>"; };
		AB9B26311811B7ED00E6DAC4 /* OCAlgorithms.m */ = {isa = PBXFileReference; fileEncoding = 4; lastKnownFileType = sourcecode.c.objc; path = OCAlgorithms.m; sourceTree = "<group>"; };
		AB9B26321811B7ED00E6DAC4 /* OCAnnotation.h */ = {isa = PBXFileReference; fileEncoding = 4; lastKnownFileType = sourcecode.c.h; path = OCAnnotation.h; sourceTree = "<group>"; };
		AB9B26331811B7ED00E6DAC4 /* OCAnnotation.m */ = {isa = PBXFileReference; fileEncoding = 4; lastKnownFileType = sourcecode.c.objc; path = OCAnnotation.m; sourceTree = "<group>"; };
		AB9B26341811B7ED00E6DAC4 /* OCDistance.h */ = {isa = PBXFileReference; fileEncoding = 4; lastKnownFileType = sourcecode.c.h; path = OCDistance.h; sourceTree = "<group>"; };
		AB9B26351811B7ED00E6DAC4 /* OCDistance.m */ = {isa = PBXFileReference; fileEncoding = 4; lastKnownFileType = sourcecode.c.objc; path = OCDistance.m; sourceTree = "<group>"; };
		AB9B26361811B7ED00E6DAC4 /* OCGrouping.h */ = {isa = PBXFileReference; fileEncoding = 4; lastKnownFileType = sourcecode.c.h; path = OCGrouping.h; sourceTree = "<group>"; };
		AB9B26371811B7ED00E6DAC4 /* OCMapView.h */ = {isa = PBXFileReference; fileEncoding = 4; lastKnownFileType = sourcecode.c.h; path = OCMapView.h; sourceTree = "<group>"; };
		AB9B26381811B7ED00E6DAC4 /* OCMapView.m */ = {isa = PBXFileReference; fileEncoding = 4; lastKnownFileType = sourcecode.c.objc; path = OCMapView.m; sourceTree = "<group>"; };
		AB9B263E1811CB1300E6DAC4 /* NSDate+TimeAgo.h */ = {isa = PBXFileReference; fileEncoding = 4; lastKnownFileType = sourcecode.c.h; path = "NSDate+TimeAgo.h"; sourceTree = "<group>"; };
		AB9B263F1811CB1300E6DAC4 /* NSDate+TimeAgo.m */ = {isa = PBXFileReference; fileEncoding = 4; lastKnownFileType = sourcecode.c.objc; path = "NSDate+TimeAgo.m"; sourceTree = "<group>"; };
		AB9B26401811CB1300E6DAC4 /* NSString+Extensions.h */ = {isa = PBXFileReference; fileEncoding = 4; lastKnownFileType = sourcecode.c.h; path = "NSString+Extensions.h"; sourceTree = "<group>"; };
		AB9B26411811CB1300E6DAC4 /* NSString+Extensions.m */ = {isa = PBXFileReference; fileEncoding = 4; lastKnownFileType = sourcecode.c.objc; path = "NSString+Extensions.m"; sourceTree = "<group>"; };
		AB9B26421811CB1300E6DAC4 /* UIColor+Extensions.h */ = {isa = PBXFileReference; fileEncoding = 4; lastKnownFileType = sourcecode.c.h; path = "UIColor+Extensions.h"; sourceTree = "<group>"; };
		AB9B26431811CB1300E6DAC4 /* UIColor+Extensions.m */ = {isa = PBXFileReference; fileEncoding = 4; lastKnownFileType = sourcecode.c.objc; path = "UIColor+Extensions.m"; sourceTree = "<group>"; };
		AB9B26441811CB1300E6DAC4 /* UIImage+Resize.h */ = {isa = PBXFileReference; fileEncoding = 4; lastKnownFileType = sourcecode.c.h; path = "UIImage+Resize.h"; sourceTree = "<group>"; };
		AB9B26451811CB1300E6DAC4 /* UIImage+Resize.m */ = {isa = PBXFileReference; fileEncoding = 4; lastKnownFileType = sourcecode.c.objc; path = "UIImage+Resize.m"; sourceTree = "<group>"; };
		AB9B264B1811CE6D00E6DAC4 /* OMBConnection.h */ = {isa = PBXFileReference; fileEncoding = 4; lastKnownFileType = sourcecode.c.h; path = OMBConnection.h; sourceTree = "<group>"; };
		AB9B264C1811CE6D00E6DAC4 /* OMBConnection.m */ = {isa = PBXFileReference; fileEncoding = 4; lastKnownFileType = sourcecode.c.objc; path = OMBConnection.m; sourceTree = "<group>"; };
		AB9B264E1811CE8E00E6DAC4 /* OMBPropertiesConnection.h */ = {isa = PBXFileReference; fileEncoding = 4; lastKnownFileType = sourcecode.c.h; path = OMBPropertiesConnection.h; sourceTree = "<group>"; };
		AB9B264F1811CE8E00E6DAC4 /* OMBPropertiesConnection.m */ = {isa = PBXFileReference; fileEncoding = 4; lastKnownFileType = sourcecode.c.objc; path = OMBPropertiesConnection.m; sourceTree = "<group>"; };
		AB9B8C1D1819EECF0009199A /* OMBResidenceCollectionViewCell.h */ = {isa = PBXFileReference; fileEncoding = 4; lastKnownFileType = sourcecode.c.h; path = OMBResidenceCollectionViewCell.h; sourceTree = "<group>"; };
		AB9B8C1E1819EECF0009199A /* OMBResidenceCollectionViewCell.m */ = {isa = PBXFileReference; fileEncoding = 4; lastKnownFileType = sourcecode.c.objc; path = OMBResidenceCollectionViewCell.m; sourceTree = "<group>"; };
		ABACA727181EDDBB004EBF6A /* favorite@2x.png */ = {isa = PBXFileReference; lastKnownFileType = image.png; path = "favorite@2x.png"; sourceTree = "<group>"; };
		ABB022C218248D6E00F98544 /* NewRelicAgent.framework */ = {isa = PBXFileReference; lastKnownFileType = wrapper.framework; path = NewRelicAgent.framework; sourceTree = "<group>"; };
		ABB022C418248D9100F98544 /* CoreTelephony.framework */ = {isa = PBXFileReference; lastKnownFileType = wrapper.framework; name = CoreTelephony.framework; path = System/Library/Frameworks/CoreTelephony.framework; sourceTree = SDKROOT; };
		ABB022C618248D9800F98544 /* SystemConfiguration.framework */ = {isa = PBXFileReference; lastKnownFileType = wrapper.framework; name = SystemConfiguration.framework; path = System/Library/Frameworks/SystemConfiguration.framework; sourceTree = SDKROOT; };
		ABB022D2182490D700F98544 /* CoreData.framework */ = {isa = PBXFileReference; lastKnownFileType = wrapper.framework; name = CoreData.framework; path = System/Library/Frameworks/CoreData.framework; sourceTree = SDKROOT; };
		ABB022D5182491FD00F98544 /* GAI.h */ = {isa = PBXFileReference; fileEncoding = 4; lastKnownFileType = sourcecode.c.h; path = GAI.h; sourceTree = "<group>"; };
		ABB022D6182491FD00F98544 /* GAIDictionaryBuilder.h */ = {isa = PBXFileReference; fileEncoding = 4; lastKnownFileType = sourcecode.c.h; path = GAIDictionaryBuilder.h; sourceTree = "<group>"; };
		ABB022D7182491FD00F98544 /* GAIFields.h */ = {isa = PBXFileReference; fileEncoding = 4; lastKnownFileType = sourcecode.c.h; path = GAIFields.h; sourceTree = "<group>"; };
		ABB022D8182491FD00F98544 /* GAILogger.h */ = {isa = PBXFileReference; fileEncoding = 4; lastKnownFileType = sourcecode.c.h; path = GAILogger.h; sourceTree = "<group>"; };
		ABB022D9182491FD00F98544 /* GAITrackedViewController.h */ = {isa = PBXFileReference; fileEncoding = 4; lastKnownFileType = sourcecode.c.h; path = GAITrackedViewController.h; sourceTree = "<group>"; };
		ABB022DA182491FD00F98544 /* GAITracker.h */ = {isa = PBXFileReference; fileEncoding = 4; lastKnownFileType = sourcecode.c.h; path = GAITracker.h; sourceTree = "<group>"; };
		ABB022DB182491FD00F98544 /* libGoogleAnalytics_debug.a */ = {isa = PBXFileReference; lastKnownFileType = archive.ar; path = libGoogleAnalytics_debug.a; sourceTree = "<group>"; };
		ABB022DC182491FD00F98544 /* libGoogleAnalyticsServices.a */ = {isa = PBXFileReference; lastKnownFileType = archive.ar; path = libGoogleAnalyticsServices.a; sourceTree = "<group>"; };
		ABB3C56D1811719B00DD91C9 /* OMBAppDelegate.h */ = {isa = PBXFileReference; fileEncoding = 4; lastKnownFileType = sourcecode.c.h; path = OMBAppDelegate.h; sourceTree = "<group>"; };
		ABB3C56E1811719B00DD91C9 /* OMBAppDelegate.m */ = {isa = PBXFileReference; fileEncoding = 4; lastKnownFileType = sourcecode.c.objc; path = OMBAppDelegate.m; sourceTree = "<group>"; };
		ABB3C5721811776700DD91C9 /* OMBViewController.h */ = {isa = PBXFileReference; fileEncoding = 4; lastKnownFileType = sourcecode.c.h; path = OMBViewController.h; sourceTree = "<group>"; };
		ABB3C5731811776700DD91C9 /* OMBViewController.m */ = {isa = PBXFileReference; fileEncoding = 4; lastKnownFileType = sourcecode.c.objc; path = OMBViewController.m; sourceTree = "<group>"; };
		ABB3C5751811778000DD91C9 /* OMBMapViewController.h */ = {isa = PBXFileReference; fileEncoding = 4; lastKnownFileType = sourcecode.c.h; path = OMBMapViewController.h; sourceTree = "<group>"; };
		ABB3C5761811778000DD91C9 /* OMBMapViewController.m */ = {isa = PBXFileReference; fileEncoding = 4; lastKnownFileType = sourcecode.c.objc; path = OMBMapViewController.m; sourceTree = "<group>"; };
		ABB3C57C1811781C00DD91C9 /* MFSideMenu.h */ = {isa = PBXFileReference; fileEncoding = 4; lastKnownFileType = sourcecode.c.h; path = MFSideMenu.h; sourceTree = "<group>"; };
		ABB3C57D1811781C00DD91C9 /* MFSideMenuContainerViewController.h */ = {isa = PBXFileReference; fileEncoding = 4; lastKnownFileType = sourcecode.c.h; path = MFSideMenuContainerViewController.h; sourceTree = "<group>"; };
		ABB3C57E1811781C00DD91C9 /* MFSideMenuContainerViewController.m */ = {isa = PBXFileReference; fileEncoding = 4; lastKnownFileType = sourcecode.c.objc; path = MFSideMenuContainerViewController.m; sourceTree = "<group>"; };
		ABB3C5801811789100DD91C9 /* OMBTabBarController.h */ = {isa = PBXFileReference; fileEncoding = 4; lastKnownFileType = sourcecode.c.h; path = OMBTabBarController.h; sourceTree = "<group>"; };
		ABB3C5811811789100DD91C9 /* OMBTabBarController.m */ = {isa = PBXFileReference; fileEncoding = 4; lastKnownFileType = sourcecode.c.objc; path = OMBTabBarController.m; sourceTree = "<group>"; };
		ABB3C583181178AE00DD91C9 /* OMBNavigationController.h */ = {isa = PBXFileReference; fileEncoding = 4; lastKnownFileType = sourcecode.c.h; path = OMBNavigationController.h; sourceTree = "<group>"; };
		ABB3C584181178AE00DD91C9 /* OMBNavigationController.m */ = {isa = PBXFileReference; fileEncoding = 4; lastKnownFileType = sourcecode.c.objc; path = OMBNavigationController.m; sourceTree = "<group>"; };
		ABB3C58618117C1C00DD91C9 /* MapKit.framework */ = {isa = PBXFileReference; lastKnownFileType = wrapper.framework; name = MapKit.framework; path = System/Library/Frameworks/MapKit.framework; sourceTree = SDKROOT; };
		ABB3C58818117C2200DD91C9 /* CoreLocation.framework */ = {isa = PBXFileReference; lastKnownFileType = wrapper.framework; name = CoreLocation.framework; path = System/Library/Frameworks/CoreLocation.framework; sourceTree = SDKROOT; };
		ABBB18C9182408DB00211499 /* OMBFavoriteResidenceConnection.h */ = {isa = PBXFileReference; fileEncoding = 4; lastKnownFileType = sourcecode.c.h; path = OMBFavoriteResidenceConnection.h; sourceTree = "<group>"; };
		ABBB18CA182408DB00211499 /* OMBFavoriteResidenceConnection.m */ = {isa = PBXFileReference; fileEncoding = 4; lastKnownFileType = sourcecode.c.objc; path = OMBFavoriteResidenceConnection.m; sourceTree = "<group>"; };
		ABBB18CC1824138E00211499 /* favorite_pink.png */ = {isa = PBXFileReference; lastKnownFileType = image.png; path = favorite_pink.png; sourceTree = "<group>"; };
		ABBB18CD1824138E00211499 /* favorite_pink@2x.png */ = {isa = PBXFileReference; lastKnownFileType = image.png; path = "favorite_pink@2x.png"; sourceTree = "<group>"; };
		ABBB18D418243C3300211499 /* favorite_outline@2x.png */ = {isa = PBXFileReference; lastKnownFileType = image.png; path = "favorite_outline@2x.png"; sourceTree = "<group>"; };
		ABBB18D618243D4F00211499 /* favorite_outline.png */ = {isa = PBXFileReference; lastKnownFileType = image.png; path = favorite_outline.png; sourceTree = "<group>"; };
		ABBB18D81824432D00211499 /* OMBImageScrollView.h */ = {isa = PBXFileReference; fileEncoding = 4; lastKnownFileType = sourcecode.c.h; path = OMBImageScrollView.h; sourceTree = "<group>"; };
		ABBB18D91824432D00211499 /* OMBImageScrollView.m */ = {isa = PBXFileReference; fileEncoding = 4; lastKnownFileType = sourcecode.c.objc; path = OMBImageScrollView.m; sourceTree = "<group>"; };
		ABBB18DB182453BF00211499 /* OMBAnnotationCity.h */ = {isa = PBXFileReference; fileEncoding = 4; lastKnownFileType = sourcecode.c.h; path = OMBAnnotationCity.h; sourceTree = "<group>"; };
		ABBB18DC182453BF00211499 /* OMBAnnotationCity.m */ = {isa = PBXFileReference; fileEncoding = 4; lastKnownFileType = sourcecode.c.objc; path = OMBAnnotationCity.m; sourceTree = "<group>"; };
		ABBB18E8182458E200211499 /* libz.dylib */ = {isa = PBXFileReference; lastKnownFileType = "compiled.mach-o.dylib"; name = libz.dylib; path = usr/lib/libz.dylib; sourceTree = SDKROOT; };
		ABC48E791812397300F01D8D /* QuartzCore.framework */ = {isa = PBXFileReference; lastKnownFileType = wrapper.framework; name = QuartzCore.framework; path = System/Library/Frameworks/QuartzCore.framework; sourceTree = SDKROOT; };
		ABC48E7B18125AF000F01D8D /* OMBPropertyInfoView.h */ = {isa = PBXFileReference; fileEncoding = 4; lastKnownFileType = sourcecode.c.h; path = OMBPropertyInfoView.h; sourceTree = "<group>"; };
		ABC48E7C18125AF000F01D8D /* OMBPropertyInfoView.m */ = {isa = PBXFileReference; fileEncoding = 4; lastKnownFileType = sourcecode.c.objc; path = OMBPropertyInfoView.m; sourceTree = "<group>"; };
		ABD8EF4A181FFC4B00C28686 /* OMBResidenceDetailConnection.h */ = {isa = PBXFileReference; fileEncoding = 4; lastKnownFileType = sourcecode.c.h; path = OMBResidenceDetailConnection.h; sourceTree = "<group>"; };
		ABD8EF4B181FFC4B00C28686 /* OMBResidenceDetailConnection.m */ = {isa = PBXFileReference; fileEncoding = 4; lastKnownFileType = sourcecode.c.objc; path = OMBResidenceDetailConnection.m; sourceTree = "<group>"; };
		ABD8EF4E1820071600C28686 /* OMBResidenceTests.m */ = {isa = PBXFileReference; fileEncoding = 4; lastKnownFileType = sourcecode.c.objc; path = OMBResidenceTests.m; sourceTree = "<group>"; };
		ABD8EF5018205AE200C28686 /* OMBResidenceSimilarConnection.h */ = {isa = PBXFileReference; fileEncoding = 4; lastKnownFileType = sourcecode.c.h; path = OMBResidenceSimilarConnection.h; sourceTree = "<group>"; };
		ABD8EF5118205AE200C28686 /* OMBResidenceSimilarConnection.m */ = {isa = PBXFileReference; fileEncoding = 4; lastKnownFileType = sourcecode.c.objc; path = OMBResidenceSimilarConnection.m; sourceTree = "<group>"; };
		ABDAA81B181563310027F04C /* OMBMapViewControllerTests.m */ = {isa = PBXFileReference; fileEncoding = 4; lastKnownFileType = sourcecode.c.objc; path = OMBMapViewControllerTests.m; sourceTree = "<group>"; };
		ABF18BA01816BC53002DD723 /* marker_circle_deselected.png */ = {isa = PBXFileReference; lastKnownFileType = image.png; path = marker_circle_deselected.png; sourceTree = "<group>"; };
		ABF18BA11816BC53002DD723 /* marker_circle_deselected@2x.png */ = {isa = PBXFileReference; lastKnownFileType = image.png; path = "marker_circle_deselected@2x.png"; sourceTree = "<group>"; };
		ABF18BA21816BC53002DD723 /* marker_circle_selected.png */ = {isa = PBXFileReference; lastKnownFileType = image.png; path = marker_circle_selected.png; sourceTree = "<group>"; };
		ABF18BA31816BC53002DD723 /* marker_circle_selected@2x.png */ = {isa = PBXFileReference; lastKnownFileType = image.png; path = "marker_circle_selected@2x.png"; sourceTree = "<group>"; };
		ABF18BA81816C3AD002DD723 /* list_segmented_control@2x.png */ = {isa = PBXFileReference; lastKnownFileType = image.png; path = "list_segmented_control@2x.png"; sourceTree = "<group>"; };
		ABF18BA91816C3AD002DD723 /* map_segmented_control@2x.png */ = {isa = PBXFileReference; lastKnownFileType = image.png; path = "map_segmented_control@2x.png"; sourceTree = "<group>"; };
		ABF18BAC1816C73B002DD723 /* OMBMapFilterViewController.h */ = {isa = PBXFileReference; fileEncoding = 4; lastKnownFileType = sourcecode.c.h; path = OMBMapFilterViewController.h; sourceTree = "<group>"; };
		ABF18BAD1816C73B002DD723 /* OMBMapFilterViewController.m */ = {isa = PBXFileReference; fileEncoding = 4; lastKnownFileType = sourcecode.c.objc; path = OMBMapFilterViewController.m; sourceTree = "<group>"; };
		ABF18BAF1816CC65002DD723 /* OMBNeighborhood.h */ = {isa = PBXFileReference; fileEncoding = 4; lastKnownFileType = sourcecode.c.h; path = OMBNeighborhood.h; sourceTree = "<group>"; };
		ABF18BB01816CC65002DD723 /* OMBNeighborhood.m */ = {isa = PBXFileReference; fileEncoding = 4; lastKnownFileType = sourcecode.c.objc; path = OMBNeighborhood.m; sourceTree = "<group>"; };
		ABF18BB21816CCDA002DD723 /* OMBNeighborhoodStore.h */ = {isa = PBXFileReference; fileEncoding = 4; lastKnownFileType = sourcecode.c.h; path = OMBNeighborhoodStore.h; sourceTree = "<group>"; };
		ABF18BB31816CCDA002DD723 /* OMBNeighborhoodStore.m */ = {isa = PBXFileReference; fileEncoding = 4; lastKnownFileType = sourcecode.c.objc; path = OMBNeighborhoodStore.m; sourceTree = "<group>"; };
		ABF18BB81816D3F0002DD723 /* TextFieldPadding.h */ = {isa = PBXFileReference; fileEncoding = 4; lastKnownFileType = sourcecode.c.h; path = TextFieldPadding.h; sourceTree = "<group>"; };
		ABF18BB91816D3F0002DD723 /* TextFieldPadding.m */ = {isa = PBXFileReference; fileEncoding = 4; lastKnownFileType = sourcecode.c.objc; path = TextFieldPadding.m; sourceTree = "<group>"; };
		ABF18BBB1816F913002DD723 /* OMBListButton.h */ = {isa = PBXFileReference; fileEncoding = 4; lastKnownFileType = sourcecode.c.h; path = OMBListButton.h; sourceTree = "<group>"; };
		ABF18BBC1816F913002DD723 /* OMBListButton.m */ = {isa = PBXFileReference; fileEncoding = 4; lastKnownFileType = sourcecode.c.objc; path = OMBListButton.m; sourceTree = "<group>"; };
		ABF18BBE181703A3002DD723 /* search@2x.png */ = {isa = PBXFileReference; lastKnownFileType = image.png; path = "search@2x.png"; sourceTree = "<group>"; };
		ABF18BC018170EED002DD723 /* search.png */ = {isa = PBXFileReference; lastKnownFileType = image.png; path = search.png; sourceTree = "<group>"; };
		ABF18BC218170F43002DD723 /* list_segmented_control.png */ = {isa = PBXFileReference; lastKnownFileType = image.png; path = list_segmented_control.png; sourceTree = "<group>"; };
		ABF18BC318170F43002DD723 /* map_segmented_control.png */ = {isa = PBXFileReference; lastKnownFileType = image.png; path = map_segmented_control.png; sourceTree = "<group>"; };
/* End PBXFileReference section */

/* Begin PBXFrameworksBuildPhase section */
		AB802E9718109E5200E04D11 /* Frameworks */ = {
			isa = PBXFrameworksBuildPhase;
			buildActionMask = 2147483647;
			files = (
				ABB022D3182490D700F98544 /* CoreData.framework in Frameworks */,
				ABB022C718248D9800F98544 /* SystemConfiguration.framework in Frameworks */,
				ABB022C518248D9100F98544 /* CoreTelephony.framework in Frameworks */,
				ABBB18E9182458E200211499 /* libz.dylib in Frameworks */,
				AB0269B9182292F500E72F53 /* CoreImage.framework in Frameworks */,
				ABC48E7A1812397300F01D8D /* QuartzCore.framework in Frameworks */,
				ABB3C58918117C2200DD91C9 /* CoreLocation.framework in Frameworks */,
				ABB3C58718117C1C00DD91C9 /* MapKit.framework in Frameworks */,
				ABB022DE182491FD00F98544 /* libGoogleAnalyticsServices.a in Frameworks */,
				AB802EA018109E5200E04D11 /* CoreGraphics.framework in Frameworks */,
				ABB022DD182491FD00F98544 /* libGoogleAnalytics_debug.a in Frameworks */,
				AB026BC21822B23B00E72F53 /* FacebookSDK.framework in Frameworks */,
				ABB022C318248D6E00F98544 /* NewRelicAgent.framework in Frameworks */,
				AB802EA218109E5200E04D11 /* UIKit.framework in Frameworks */,
				AB802E9E18109E5200E04D11 /* Foundation.framework in Frameworks */,
			);
			runOnlyForDeploymentPostprocessing = 0;
		};
		AB802EB218109E5200E04D11 /* Frameworks */ = {
			isa = PBXFrameworksBuildPhase;
			buildActionMask = 2147483647;
			files = (
				AB8C8C2A1815C31000A1B087 /* Accelerate.framework in Frameworks */,
				AB802EB718109E5200E04D11 /* XCTest.framework in Frameworks */,
				AB802EB918109E5200E04D11 /* UIKit.framework in Frameworks */,
				AB802EB818109E5200E04D11 /* Foundation.framework in Frameworks */,
			);
			runOnlyForDeploymentPostprocessing = 0;
		};
/* End PBXFrameworksBuildPhase section */

/* Begin PBXGroup section */
		AB0269AF1822147C00E72F53 /* RealTimeBlur */ = {
			isa = PBXGroup;
			children = (
				AB0269B01822147C00E72F53 /* DRNRealTimeBlurView.h */,
				AB0269B11822147C00E72F53 /* DRNRealTimeBlurView.m */,
				AB0269B21822147C00E72F53 /* UIImage+BoxBlur.h */,
				AB0269B31822147C00E72F53 /* UIImage+BoxBlur.m */,
			);
			path = RealTimeBlur;
			sourceTree = "<group>";
		};
		AB0269D31822A12600E72F53 /* iOS-Blur */ = {
			isa = PBXGroup;
			children = (
				AB0269D41822A12600E72F53 /* AMBlurView.h */,
				AB0269D51822A12600E72F53 /* AMBlurView.m */,
			);
			path = "iOS-Blur";
			sourceTree = "<group>";
		};
		AB26131B18198E260053A8AA /* Layouts */ = {
			isa = PBXGroup;
			children = (
				AB26131C18198E570053A8AA /* OMBSpringFlowLayout.h */,
				AB26131D18198E570053A8AA /* OMBSpringFlowLayout.m */,
			);
			path = Layouts;
			sourceTree = "<group>";
		};
		AB802E9118109E5200E04D11 = {
			isa = PBXGroup;
			children = (
				ABB022D4182491FD00F98544 /* GoogleAnalytics */,
				AB0269D31822A12600E72F53 /* iOS-Blur */,
				AB0269AF1822147C00E72F53 /* RealTimeBlur */,
				AB9B262E1811B7ED00E6DAC4 /* OCMapView */,
				AB9B2601181196F400E6DAC4 /* location.gpx */,
				ABB3C57B1811781C00DD91C9 /* MFSideMenu */,
				AB802EA318109E5200E04D11 /* OnMyBlock */,
				AB802EBC18109E5200E04D11 /* OnMyBlockTests */,
				AB802E9C18109E5200E04D11 /* Frameworks */,
				AB802E9B18109E5200E04D11 /* Products */,
			);
			sourceTree = "<group>";
		};
		AB802E9B18109E5200E04D11 /* Products */ = {
			isa = PBXGroup;
			children = (
				AB802E9A18109E5200E04D11 /* OnMyBlock.app */,
				AB802EB518109E5200E04D11 /* OnMyBlockTests.xctest */,
			);
			name = Products;
			sourceTree = "<group>";
		};
		AB802E9C18109E5200E04D11 /* Frameworks */ = {
			isa = PBXGroup;
			children = (
				ABB022D2182490D700F98544 /* CoreData.framework */,
				ABB022C618248D9800F98544 /* SystemConfiguration.framework */,
				ABB022C418248D9100F98544 /* CoreTelephony.framework */,
				ABB022C218248D6E00F98544 /* NewRelicAgent.framework */,
				ABBB18E8182458E200211499 /* libz.dylib */,
				AB8C8C291815C31000A1B087 /* Accelerate.framework */,
				AB802E9F18109E5200E04D11 /* CoreGraphics.framework */,
				AB0269B8182292F500E72F53 /* CoreImage.framework */,
				ABB3C58818117C2200DD91C9 /* CoreLocation.framework */,
				AB026BC11822B23B00E72F53 /* FacebookSDK.framework */,
				AB802E9D18109E5200E04D11 /* Foundation.framework */,
				ABB3C58618117C1C00DD91C9 /* MapKit.framework */,
				ABC48E791812397300F01D8D /* QuartzCore.framework */,
				AB802EA118109E5200E04D11 /* UIKit.framework */,
				AB802EB618109E5200E04D11 /* XCTest.framework */,
			);
			name = Frameworks;
			sourceTree = "<group>";
		};
		AB802EA318109E5200E04D11 /* OnMyBlock */ = {
			isa = PBXGroup;
			children = (
				ABB3C56C1811719B00DD91C9 /* AppDelegate */,
				AB9B263D1811CB1300E6DAC4 /* Categories */,
				AB9B264A1811CE5E00E6DAC4 /* Connections */,
				ABB3C5711811775300DD91C9 /* Controllers */,
				AB8C8C101815783A00A1B087 /* Downloaders */,
				ABB3C56F1811719B00DD91C9 /* Images */,
				AB802EAF18109E5200E04D11 /* Images.xcassets */,
				AB26131B18198E260053A8AA /* Layouts */,
				AB9B260C1811AA6600E6DAC4 /* Models */,
				AB9B26241811AF6C00E6DAC4 /* Stores */,
				AB802EA418109E5200E04D11 /* Supporting Files */,
				AB9B26031811A49200E6DAC4 /* Views */,
			);
			path = OnMyBlock;
			sourceTree = "<group>";
		};
		AB802EA418109E5200E04D11 /* Supporting Files */ = {
			isa = PBXGroup;
			children = (
				AB802EA518109E5200E04D11 /* OnMyBlock-Info.plist */,
				AB802EA618109E5200E04D11 /* InfoPlist.strings */,
				AB802EA918109E5200E04D11 /* main.m */,
				AB802EAB18109E5200E04D11 /* OnMyBlock-Prefix.pch */,
			);
			name = "Supporting Files";
			sourceTree = "<group>";
		};
		AB802EBC18109E5200E04D11 /* OnMyBlockTests */ = {
			isa = PBXGroup;
			children = (
				ABD8EF4D182006EE00C28686 /* Models */,
				ABDAA81A181562EB0027F04C /* Controllers */,
				AB802EC218109E5200E04D11 /* OnMyBlockTests.m */,
				AB802EBD18109E5200E04D11 /* Supporting Files */,
			);
			path = OnMyBlockTests;
			sourceTree = "<group>";
		};
		AB802EBD18109E5200E04D11 /* Supporting Files */ = {
			isa = PBXGroup;
			children = (
				AB802EBE18109E5200E04D11 /* OnMyBlockTests-Info.plist */,
				AB802EBF18109E5200E04D11 /* InfoPlist.strings */,
			);
			name = "Supporting Files";
			sourceTree = "<group>";
		};
		AB8C8C101815783A00A1B087 /* Downloaders */ = {
			isa = PBXGroup;
			children = (
				AB8C8C111815784B00A1B087 /* OMBImageDownloader.h */,
				AB8C8C121815784B00A1B087 /* OMBImageDownloader.m */,
				AB8C8C261815A62F00A1B087 /* OMBResidenceCoverPhotoDownloader.h */,
				AB8C8C271815A62F00A1B087 /* OMBResidenceCoverPhotoDownloader.m */,
				AB4F9D22181ABFA20086D618 /* OMBResidenceImageDownloader.h */,
				AB4F9D23181ABFA20086D618 /* OMBResidenceImageDownloader.m */,
			);
			path = Downloaders;
			sourceTree = "<group>";
		};
		AB9B26031811A49200E6DAC4 /* Views */ = {
			isa = PBXGroup;
			children = (
				ABF18BB81816D3F0002DD723 /* TextFieldPadding.h */,
				ABF18BB91816D3F0002DD723 /* TextFieldPadding.m */,
				AB9B26071811A74E00E6DAC4 /* OMBAnnotationView.h */,
				AB9B26081811A74E00E6DAC4 /* OMBAnnotationView.m */,
				ABC48E7B18125AF000F01D8D /* OMBPropertyInfoView.h */,
				ABC48E7C18125AF000F01D8D /* OMBPropertyInfoView.m */,
				ABF18BBB1816F913002DD723 /* OMBListButton.h */,
				ABF18BBC1816F913002DD723 /* OMBListButton.m */,
				AB26130F1818EC800053A8AA /* OMBResidenceCell.h */,
				AB2613101818EC800053A8AA /* OMBResidenceCell.m */,
				AB9B8C1D1819EECF0009199A /* OMBResidenceCollectionViewCell.h */,
				AB9B8C1E1819EECF0009199A /* OMBResidenceCollectionViewCell.m */,
				ABBB18D81824432D00211499 /* OMBImageScrollView.h */,
				ABBB18D91824432D00211499 /* OMBImageScrollView.m */,
			);
			path = Views;
			sourceTree = "<group>";
		};
		AB9B260C1811AA6600E6DAC4 /* Models */ = {
			isa = PBXGroup;
			children = (
				AB9B260D1811AA7C00E6DAC4 /* OMBAnnotation.h */,
				AB9B260E1811AA7C00E6DAC4 /* OMBAnnotation.m */,
				AB8C8C20181597F900A1B087 /* OMBResidence.h */,
				AB8C8C21181597F900A1B087 /* OMBResidence.m */,
				ABF18BAF1816CC65002DD723 /* OMBNeighborhood.h */,
				ABF18BB01816CC65002DD723 /* OMBNeighborhood.m */,
				AB63D2121821AB2C00D63800 /* OMBUser.h */,
				AB63D2131821AB2C00D63800 /* OMBUser.m */,
				AB026BD7182307B200E72F53 /* OMBFavoriteResidence.h */,
				AB026BD8182307B200E72F53 /* OMBFavoriteResidence.m */,
				ABBB18DB182453BF00211499 /* OMBAnnotationCity.h */,
				ABBB18DC182453BF00211499 /* OMBAnnotationCity.m */,
			);
			path = Models;
			sourceTree = "<group>";
		};
		AB9B26241811AF6C00E6DAC4 /* Stores */ = {
			isa = PBXGroup;
			children = (
				AB9B26251811AF7B00E6DAC4 /* OMBAnnotationStore.h */,
				AB9B26261811AF7B00E6DAC4 /* OMBAnnotationStore.m */,
				AB8C8C1D1815969700A1B087 /* OMBResidenceStore.h */,
				AB8C8C1E1815969700A1B087 /* OMBResidenceStore.m */,
				ABF18BB21816CCDA002DD723 /* OMBNeighborhoodStore.h */,
				ABF18BB31816CCDA002DD723 /* OMBNeighborhoodStore.m */,
			);
			path = Stores;
			sourceTree = "<group>";
		};
		AB9B262E1811B7ED00E6DAC4 /* OCMapView */ = {
			isa = PBXGroup;
			children = (
				AB9B262F1811B7ED00E6DAC4 /* OCAlgorithmDelegate.h */,
				AB9B26301811B7ED00E6DAC4 /* OCAlgorithms.h */,
				AB9B26311811B7ED00E6DAC4 /* OCAlgorithms.m */,
				AB9B26321811B7ED00E6DAC4 /* OCAnnotation.h */,
				AB9B26331811B7ED00E6DAC4 /* OCAnnotation.m */,
				AB9B26341811B7ED00E6DAC4 /* OCDistance.h */,
				AB9B26351811B7ED00E6DAC4 /* OCDistance.m */,
				AB9B26361811B7ED00E6DAC4 /* OCGrouping.h */,
				AB9B26371811B7ED00E6DAC4 /* OCMapView.h */,
				AB9B26381811B7ED00E6DAC4 /* OCMapView.m */,
			);
			path = OCMapView;
			sourceTree = "<group>";
		};
		AB9B263D1811CB1300E6DAC4 /* Categories */ = {
			isa = PBXGroup;
			children = (
				AB9B263E1811CB1300E6DAC4 /* NSDate+TimeAgo.h */,
				AB9B263F1811CB1300E6DAC4 /* NSDate+TimeAgo.m */,
				AB9B26401811CB1300E6DAC4 /* NSString+Extensions.h */,
				AB9B26411811CB1300E6DAC4 /* NSString+Extensions.m */,
				AB9B26421811CB1300E6DAC4 /* UIColor+Extensions.h */,
				AB9B26431811CB1300E6DAC4 /* UIColor+Extensions.m */,
				AB9B26441811CB1300E6DAC4 /* UIImage+Resize.h */,
				AB9B26451811CB1300E6DAC4 /* UIImage+Resize.m */,
				AB76C0DE18187B3F006354FB /* UIImage+Color.h */,
				AB76C0DF18187B3F006354FB /* UIImage+Color.m */,
				AB0269BB182293DC00E72F53 /* UIImage+NegativeImage.h */,
				AB0269BC182293DC00E72F53 /* UIImage+NegativeImage.m */,
			);
			path = Categories;
			sourceTree = "<group>";
		};
		AB9B264A1811CE5E00E6DAC4 /* Connections */ = {
			isa = PBXGroup;
			children = (
				AB9B264B1811CE6D00E6DAC4 /* OMBConnection.h */,
				AB9B264C1811CE6D00E6DAC4 /* OMBConnection.m */,
				AB9B264E1811CE8E00E6DAC4 /* OMBPropertiesConnection.h */,
				AB9B264F1811CE8E00E6DAC4 /* OMBPropertiesConnection.m */,
				AB8C8C231815A1CA00A1B087 /* OMBResidenceCoverPhotoURLConnection.h */,
				AB8C8C241815A1CA00A1B087 /* OMBResidenceCoverPhotoURLConnection.m */,
				AB4F9D1F181ABD160086D618 /* OMBResidenceImagesConnection.h */,
				AB4F9D20181ABD160086D618 /* OMBResidenceImagesConnection.m */,
				ABD8EF4A181FFC4B00C28686 /* OMBResidenceDetailConnection.h */,
				ABD8EF4B181FFC4B00C28686 /* OMBResidenceDetailConnection.m */,
				ABD8EF5018205AE200C28686 /* OMBResidenceSimilarConnection.h */,
				ABD8EF5118205AE200C28686 /* OMBResidenceSimilarConnection.m */,
				AB63D20F1821774000D63800 /* OMBContactResidenceLandlordConnection.h */,
				AB63D2101821774000D63800 /* OMBContactResidenceLandlordConnection.m */,
				AB63D21E1821B93A00D63800 /* OMBLoginConnection.h */,
				AB63D21F1821B93A00D63800 /* OMBLoginConnection.m */,
				AB026BC71822BE1200E72F53 /* OMBUserFacebookAuthenticationConnection.h */,
				AB026BC81822BE1200E72F53 /* OMBUserFacebookAuthenticationConnection.m */,
				AB026BCE1822E98500E72F53 /* OMBSignUpConnection.h */,
				AB026BCF1822E98500E72F53 /* OMBSignUpConnection.m */,
				AB026BD41822F30A00E72F53 /* OMBFavoritesListConnection.h */,
				AB026BD51822F30A00E72F53 /* OMBFavoritesListConnection.m */,
				ABBB18C9182408DB00211499 /* OMBFavoriteResidenceConnection.h */,
				ABBB18CA182408DB00211499 /* OMBFavoriteResidenceConnection.m */,
			);
			path = Connections;
			sourceTree = "<group>";
		};
		ABB022D4182491FD00F98544 /* GoogleAnalytics */ = {
			isa = PBXGroup;
			children = (
				ABB022D5182491FD00F98544 /* GAI.h */,
				ABB022D6182491FD00F98544 /* GAIDictionaryBuilder.h */,
				ABB022D7182491FD00F98544 /* GAIFields.h */,
				ABB022D8182491FD00F98544 /* GAILogger.h */,
				ABB022D9182491FD00F98544 /* GAITrackedViewController.h */,
				ABB022DA182491FD00F98544 /* GAITracker.h */,
				ABB022DB182491FD00F98544 /* libGoogleAnalytics_debug.a */,
				ABB022DC182491FD00F98544 /* libGoogleAnalyticsServices.a */,
			);
			path = GoogleAnalytics;
			sourceTree = "<group>";
		};
		ABB3C56C1811719B00DD91C9 /* AppDelegate */ = {
			isa = PBXGroup;
			children = (
				ABB3C56D1811719B00DD91C9 /* OMBAppDelegate.h */,
				ABB3C56E1811719B00DD91C9 /* OMBAppDelegate.m */,
			);
			path = AppDelegate;
			sourceTree = "<group>";
		};
		ABB3C56F1811719B00DD91C9 /* Images */ = {
			isa = PBXGroup;
			children = (
				AB8C8C341815D0E100A1B087 /* arrow_right.png */,
				AB8C8C321815CF2A00A1B087 /* arrow_right@2x.png */,
				AB0269A718220CD600E72F53 /* email_icon.png */,
				AB63D21A1821B17100D63800 /* email_icon@2x.png */,
				AB026BC31822B4DB00E72F53 /* facebook_icon.png */,
				AB026BC41822B4DB00E72F53 /* facebook_icon@2x.png */,
				AB63D2181821B14400D63800 /* favorite.png */,
				ABACA727181EDDBB004EBF6A /* favorite@2x.png */,
				ABBB18D618243D4F00211499 /* favorite_outline.png */,
				ABBB18D418243C3300211499 /* favorite_outline@2x.png */,
				ABBB18CC1824138E00211499 /* favorite_pink.png */,
				ABBB18CD1824138E00211499 /* favorite_pink@2x.png */,
				ABF18BC218170F43002DD723 /* list_segmented_control.png */,
				ABF18BA81816C3AD002DD723 /* list_segmented_control@2x.png */,
				AB0269CC18229DD800E72F53 /* login_icon.png */,
				AB0269CD18229DD800E72F53 /* login_icon@2x.png */,
				AB0269D71822A97A00E72F53 /* logout_icon.png */,
				AB0269D81822A97A00E72F53 /* logout_icon@2x.png */,
				ABF18BC318170F43002DD723 /* map_segmented_control.png */,
				ABF18BA91816C3AD002DD723 /* map_segmented_control@2x.png */,
				ABF18BA01816BC53002DD723 /* marker_circle_deselected.png */,
				ABF18BA11816BC53002DD723 /* marker_circle_deselected@2x.png */,
				ABF18BA21816BC53002DD723 /* marker_circle_selected.png */,
				ABF18BA31816BC53002DD723 /* marker_circle_selected@2x.png */,
				AB9B26221811AE8600E6DAC4 /* marker_single.png */,
				AB8C8C1818157A2600A1B087 /* marker_single@2x.png */,
				AB0269B61822155900E72F53 /* menu_background@2x.jpg */,
				AB26130D1818E9970053A8AA /* menu_icon.png */,
				AB26130B1818E5920053A8AA /* menu_icon@2x.png */,
				AB0269A918220D2300E72F53 /* password_icon.png */,
				AB63D21C1821B5E400D63800 /* password_icon@2x.png */,
				AB0269A518220CA700E72F53 /* phone.png */,
				AB0269A318220C1A00E72F53 /* phone@2x.png */,
				AB8C8C14181579EE00A1B087 /* placeholder_property.png */,
				AB8C8C15181579EE00A1B087 /* placeholder_property@2x.png */,
				ABF18BC018170EED002DD723 /* search.png */,
				ABF18BBE181703A3002DD723 /* search@2x.png */,
				AB0269C418229CA400E72F53 /* sign_up_icon.png */,
				AB0269C518229CA400E72F53 /* sign_up_icon@2x.png */,
				AB026BCA1822E01400E72F53 /* user_icon.png */,
				AB026BCB1822E01400E72F53 /* user_icon@2x.png */,
			);
			path = Images;
			sourceTree = "<group>";
		};
		ABB3C5711811775300DD91C9 /* Controllers */ = {
			isa = PBXGroup;
			children = (
				ABB3C5721811776700DD91C9 /* OMBViewController.h */,
				ABB3C5731811776700DD91C9 /* OMBViewController.m */,
				ABB3C5751811778000DD91C9 /* OMBMapViewController.h */,
				ABB3C5761811778000DD91C9 /* OMBMapViewController.m */,
				ABB3C5801811789100DD91C9 /* OMBTabBarController.h */,
				ABB3C5811811789100DD91C9 /* OMBTabBarController.m */,
				ABB3C583181178AE00DD91C9 /* OMBNavigationController.h */,
				ABB3C584181178AE00DD91C9 /* OMBNavigationController.m */,
				AB8C8C361815D7DC00A1B087 /* OMBResidenceDetailViewController.h */,
				AB8C8C371815D7DC00A1B087 /* OMBResidenceDetailViewController.m */,
				ABF18BAC1816C73B002DD723 /* OMBMapFilterViewController.h */,
				ABF18BAD1816C73B002DD723 /* OMBMapFilterViewController.m */,
				AB26131518197D030053A8AA /* OMBCollectionViewController.h */,
				AB26131618197D030053A8AA /* OMBCollectionViewController.m */,
				AB4F9D1C181AAAED0086D618 /* OMBMenuViewController.h */,
				AB4F9D1D181AAAED0086D618 /* OMBMenuViewController.m */,
				AB4F9D27181B00B20086D618 /* OMBResidenceImageSlideViewController.h */,
				AB4F9D28181B00B20086D618 /* OMBResidenceImageSlideViewController.m */,
				AB63D2151821ABF500D63800 /* OMBLoginViewController.h */,
				AB63D2161821ABF500D63800 /* OMBLoginViewController.m */,
				AB026BD11822EFBC00E72F53 /* OMBFavoritesListViewController.h */,
				AB026BD21822EFBC00E72F53 /* OMBFavoritesListViewController.m */,
			);
			path = Controllers;
			sourceTree = "<group>";
		};
		ABB3C57B1811781C00DD91C9 /* MFSideMenu */ = {
			isa = PBXGroup;
			children = (
				ABB3C57C1811781C00DD91C9 /* MFSideMenu.h */,
				ABB3C57D1811781C00DD91C9 /* MFSideMenuContainerViewController.h */,
				ABB3C57E1811781C00DD91C9 /* MFSideMenuContainerViewController.m */,
			);
			path = MFSideMenu;
			sourceTree = "<group>";
		};
		ABD8EF4D182006EE00C28686 /* Models */ = {
			isa = PBXGroup;
			children = (
				ABD8EF4E1820071600C28686 /* OMBResidenceTests.m */,
			);
			path = Models;
			sourceTree = "<group>";
		};
		ABDAA81A181562EB0027F04C /* Controllers */ = {
			isa = PBXGroup;
			children = (
				ABDAA81B181563310027F04C /* OMBMapViewControllerTests.m */,
			);
			path = Controllers;
			sourceTree = "<group>";
		};
/* End PBXGroup section */

/* Begin PBXNativeTarget section */
		AB802E9918109E5200E04D11 /* OnMyBlock */ = {
			isa = PBXNativeTarget;
			buildConfigurationList = AB802EC618109E5200E04D11 /* Build configuration list for PBXNativeTarget "OnMyBlock" */;
			buildPhases = (
				AB802E9618109E5200E04D11 /* Sources */,
				AB802E9718109E5200E04D11 /* Frameworks */,
				AB802E9818109E5200E04D11 /* Resources */,
			);
			buildRules = (
			);
			dependencies = (
			);
			name = OnMyBlock;
			productName = OnMyBlock;
			productReference = AB802E9A18109E5200E04D11 /* OnMyBlock.app */;
			productType = "com.apple.product-type.application";
		};
		AB802EB418109E5200E04D11 /* OnMyBlockTests */ = {
			isa = PBXNativeTarget;
			buildConfigurationList = AB802EC918109E5200E04D11 /* Build configuration list for PBXNativeTarget "OnMyBlockTests" */;
			buildPhases = (
				AB802EB118109E5200E04D11 /* Sources */,
				AB802EB218109E5200E04D11 /* Frameworks */,
				AB802EB318109E5200E04D11 /* Resources */,
			);
			buildRules = (
			);
			dependencies = (
				AB802EBB18109E5200E04D11 /* PBXTargetDependency */,
			);
			name = OnMyBlockTests;
			productName = OnMyBlockTests;
			productReference = AB802EB518109E5200E04D11 /* OnMyBlockTests.xctest */;
			productType = "com.apple.product-type.bundle.unit-test";
		};
/* End PBXNativeTarget section */

/* Begin PBXProject section */
		AB802E9218109E5200E04D11 /* Project object */ = {
			isa = PBXProject;
			attributes = {
				CLASSPREFIX = OMB;
				LastUpgradeCheck = 0500;
				ORGANIZATIONNAME = OnMyBlock;
				TargetAttributes = {
					AB802E9918109E5200E04D11 = {
						DevelopmentTeam = 4PZFNY43X2;
					};
					AB802EB418109E5200E04D11 = {
						TestTargetID = AB802E9918109E5200E04D11;
					};
				};
			};
			buildConfigurationList = AB802E9518109E5200E04D11 /* Build configuration list for PBXProject "OnMyBlock" */;
			compatibilityVersion = "Xcode 3.2";
			developmentRegion = English;
			hasScannedForEncodings = 0;
			knownRegions = (
				en,
				he,
			);
			mainGroup = AB802E9118109E5200E04D11;
			productRefGroup = AB802E9B18109E5200E04D11 /* Products */;
			projectDirPath = "";
			projectRoot = "";
			targets = (
				AB802E9918109E5200E04D11 /* OnMyBlock */,
				AB802EB418109E5200E04D11 /* OnMyBlockTests */,
			);
		};
/* End PBXProject section */

/* Begin PBXResourcesBuildPhase section */
		AB802E9818109E5200E04D11 /* Resources */ = {
			isa = PBXResourcesBuildPhase;
			buildActionMask = 2147483647;
			files = (
				ABF18BBF181703A3002DD723 /* search@2x.png in Resources */,
				ABF18BC518170F43002DD723 /* map_segmented_control.png in Resources */,
				ABBB18D718243D4F00211499 /* favorite_outline.png in Resources */,
				AB8C8C17181579EE00A1B087 /* placeholder_property@2x.png in Resources */,
				AB0269A818220CD600E72F53 /* email_icon.png in Resources */,
				ABBB18CF1824138E00211499 /* favorite_pink@2x.png in Resources */,
				AB026BCD1822E01400E72F53 /* user_icon@2x.png in Resources */,
				ABBB18D518243C3300211499 /* favorite_outline@2x.png in Resources */,
				AB802EA818109E5200E04D11 /* InfoPlist.strings in Resources */,
				ABF18BC118170EED002DD723 /* search.png in Resources */,
				AB0269A418220C1A00E72F53 /* phone@2x.png in Resources */,
				ABF18BA71816BC53002DD723 /* marker_circle_selected@2x.png in Resources */,
				AB0269D91822A97A00E72F53 /* logout_icon.png in Resources */,
				AB9B26231811AE8600E6DAC4 /* marker_single.png in Resources */,
				AB0269AA18220D2300E72F53 /* password_icon.png in Resources */,
				AB63D2191821B14400D63800 /* favorite.png in Resources */,
				AB8C8C1918157A2600A1B087 /* marker_single@2x.png in Resources */,
				ABBB18CE1824138E00211499 /* favorite_pink.png in Resources */,
				AB0269A618220CA700E72F53 /* phone.png in Resources */,
				AB0269CE18229DD800E72F53 /* login_icon.png in Resources */,
				AB0269C718229CA400E72F53 /* sign_up_icon@2x.png in Resources */,
				ABF18BA51816BC53002DD723 /* marker_circle_deselected@2x.png in Resources */,
				AB026BC61822B4DB00E72F53 /* facebook_icon@2x.png in Resources */,
				AB026BC51822B4DB00E72F53 /* facebook_icon.png in Resources */,
				AB63D21D1821B5E400D63800 /* password_icon@2x.png in Resources */,
				ABF18BC418170F43002DD723 /* list_segmented_control.png in Resources */,
				AB9B2602181196F400E6DAC4 /* location.gpx in Resources */,
				AB26130E1818E9970053A8AA /* menu_icon.png in Resources */,
				AB0269C618229CA400E72F53 /* sign_up_icon.png in Resources */,
				ABF18BAA1816C3AD002DD723 /* list_segmented_control@2x.png in Resources */,
				ABF18BAB1816C3AD002DD723 /* map_segmented_control@2x.png in Resources */,
				AB8C8C351815D0E100A1B087 /* arrow_right.png in Resources */,
				AB8C8C16181579EE00A1B087 /* placeholder_property.png in Resources */,
				ABF18BA61816BC53002DD723 /* marker_circle_selected.png in Resources */,
				AB802EB018109E5200E04D11 /* Images.xcassets in Resources */,
				AB8C8C331815CF2A00A1B087 /* arrow_right@2x.png in Resources */,
				AB0269DA1822A97A00E72F53 /* logout_icon@2x.png in Resources */,
				AB63D21B1821B17100D63800 /* email_icon@2x.png in Resources */,
				AB026BCC1822E01400E72F53 /* user_icon.png in Resources */,
				AB0269B71822155900E72F53 /* menu_background@2x.jpg in Resources */,
				AB26130C1818E5920053A8AA /* menu_icon@2x.png in Resources */,
				ABACA728181EDDBB004EBF6A /* favorite@2x.png in Resources */,
				ABF18BA41816BC53002DD723 /* marker_circle_deselected.png in Resources */,
				AB0269CF18229DD800E72F53 /* login_icon@2x.png in Resources */,
			);
			runOnlyForDeploymentPostprocessing = 0;
		};
		AB802EB318109E5200E04D11 /* Resources */ = {
			isa = PBXResourcesBuildPhase;
			buildActionMask = 2147483647;
			files = (
				AB802EC118109E5200E04D11 /* InfoPlist.strings in Resources */,
			);
			runOnlyForDeploymentPostprocessing = 0;
		};
/* End PBXResourcesBuildPhase section */

/* Begin PBXSourcesBuildPhase section */
		AB802E9618109E5200E04D11 /* Sources */ = {
			isa = PBXSourcesBuildPhase;
			buildActionMask = 2147483647;
			files = (
				ABF18BBD1816F913002DD723 /* OMBListButton.m in Sources */,
				AB26131718197D030053A8AA /* OMBCollectionViewController.m in Sources */,
				AB63D2141821AB2C00D63800 /* OMBUser.m in Sources */,
				AB026BC91822BE1200E72F53 /* OMBUserFacebookAuthenticationConnection.m in Sources */,
				ABD8EF5218205AE200C28686 /* OMBResidenceSimilarConnection.m in Sources */,
				AB4F9D24181ABFA20086D618 /* OMBResidenceImageDownloader.m in Sources */,
				AB9B263B1811B7ED00E6DAC4 /* OCDistance.m in Sources */,
				AB0269B41822147C00E72F53 /* DRNRealTimeBlurView.m in Sources */,
				ABB3C585181178AE00DD91C9 /* OMBNavigationController.m in Sources */,
				ABB3C5771811778000DD91C9 /* OMBMapViewController.m in Sources */,
				AB9B26471811CB1300E6DAC4 /* NSString+Extensions.m in Sources */,
				AB9B26091811A74E00E6DAC4 /* OMBAnnotationView.m in Sources */,
				AB9B26491811CB1300E6DAC4 /* UIImage+Resize.m in Sources */,
				AB9B264D1811CE6D00E6DAC4 /* OMBConnection.m in Sources */,
				AB026BD01822E98500E72F53 /* OMBSignUpConnection.m in Sources */,
				AB0269D61822A12600E72F53 /* AMBlurView.m in Sources */,
				AB8C8C1F1815969700A1B087 /* OMBResidenceStore.m in Sources */,
				ABF18BB41816CCDA002DD723 /* OMBNeighborhoodStore.m in Sources */,
				AB9B26501811CE8E00E6DAC4 /* OMBPropertiesConnection.m in Sources */,
				AB9B26391811B7ED00E6DAC4 /* OCAlgorithms.m in Sources */,
				AB8C8C281815A62F00A1B087 /* OMBResidenceCoverPhotoDownloader.m in Sources */,
				AB8C8C251815A1CA00A1B087 /* OMBResidenceCoverPhotoURLConnection.m in Sources */,
				ABBB18DD182453BF00211499 /* OMBAnnotationCity.m in Sources */,
				AB4F9D29181B00B20086D618 /* OMBResidenceImageSlideViewController.m in Sources */,
				ABD8EF4C181FFC4B00C28686 /* OMBResidenceDetailConnection.m in Sources */,
				ABBB18DA1824432D00211499 /* OMBImageScrollView.m in Sources */,
				ABBB18CB182408DB00211499 /* OMBFavoriteResidenceConnection.m in Sources */,
				AB8C8C22181597F900A1B087 /* OMBResidence.m in Sources */,
				AB8C8C381815D7DC00A1B087 /* OMBResidenceDetailViewController.m in Sources */,
				AB9B26461811CB1300E6DAC4 /* NSDate+TimeAgo.m in Sources */,
				AB2613111818EC800053A8AA /* OMBResidenceCell.m in Sources */,
				AB9B260F1811AA7C00E6DAC4 /* OMBAnnotation.m in Sources */,
				AB0269B51822147C00E72F53 /* UIImage+BoxBlur.m in Sources */,
				ABF18BAE1816C73B002DD723 /* OMBMapFilterViewController.m in Sources */,
				AB9B26271811AF7B00E6DAC4 /* OMBAnnotationStore.m in Sources */,
				ABC48E7D18125AF000F01D8D /* OMBPropertyInfoView.m in Sources */,
				AB63D2171821ABF500D63800 /* OMBLoginViewController.m in Sources */,
				AB8C8C131815784B00A1B087 /* OMBImageDownloader.m in Sources */,
				AB4F9D1E181AAAED0086D618 /* OMBMenuViewController.m in Sources */,
				ABB3C57F1811781C00DD91C9 /* MFSideMenuContainerViewController.m in Sources */,
				AB63D2201821B93A00D63800 /* OMBLoginConnection.m in Sources */,
				ABB3C5701811719B00DD91C9 /* OMBAppDelegate.m in Sources */,
				AB9B8C1F1819EECF0009199A /* OMBResidenceCollectionViewCell.m in Sources */,
				ABB3C5741811776700DD91C9 /* OMBViewController.m in Sources */,
				ABF18BB11816CC65002DD723 /* OMBNeighborhood.m in Sources */,
				AB26131E18198E570053A8AA /* OMBSpringFlowLayout.m in Sources */,
				AB9B263A1811B7ED00E6DAC4 /* OCAnnotation.m in Sources */,
				AB9B26481811CB1300E6DAC4 /* UIColor+Extensions.m in Sources */,
				ABB3C5821811789100DD91C9 /* OMBTabBarController.m in Sources */,
				AB802EAA18109E5200E04D11 /* main.m in Sources */,
				AB0269BD182293DC00E72F53 /* UIImage+NegativeImage.m in Sources */,
				AB4F9D21181ABD160086D618 /* OMBResidenceImagesConnection.m in Sources */,
				AB026BD9182307B200E72F53 /* OMBFavoriteResidence.m in Sources */,
				AB76C0E018187B3F006354FB /* UIImage+Color.m in Sources */,
				AB9B263C1811B7ED00E6DAC4 /* OCMapView.m in Sources */,
				AB63D2111821774000D63800 /* OMBContactResidenceLandlordConnection.m in Sources */,
				AB026BD61822F30A00E72F53 /* OMBFavoritesListConnection.m in Sources */,
				AB026BD31822EFBC00E72F53 /* OMBFavoritesListViewController.m in Sources */,
				ABF18BBA1816D3F0002DD723 /* TextFieldPadding.m in Sources */,
			);
			runOnlyForDeploymentPostprocessing = 0;
		};
		AB802EB118109E5200E04D11 /* Sources */ = {
			isa = PBXSourcesBuildPhase;
			buildActionMask = 2147483647;
			files = (
				AB8C8C0F1815699B00A1B087 /* OMBMapViewControllerTests.m in Sources */,
				ABD8EF4F1820071600C28686 /* OMBResidenceTests.m in Sources */,
				AB802EC318109E5200E04D11 /* OnMyBlockTests.m in Sources */,
			);
			runOnlyForDeploymentPostprocessing = 0;
		};
/* End PBXSourcesBuildPhase section */

/* Begin PBXTargetDependency section */
		AB802EBB18109E5200E04D11 /* PBXTargetDependency */ = {
			isa = PBXTargetDependency;
			target = AB802E9918109E5200E04D11 /* OnMyBlock */;
			targetProxy = AB802EBA18109E5200E04D11 /* PBXContainerItemProxy */;
		};
/* End PBXTargetDependency section */

/* Begin PBXVariantGroup section */
		AB802EA618109E5200E04D11 /* InfoPlist.strings */ = {
			isa = PBXVariantGroup;
			children = (
				AB802EA718109E5200E04D11 /* en */,
			);
			name = InfoPlist.strings;
			sourceTree = "<group>";
		};
		AB802EBF18109E5200E04D11 /* InfoPlist.strings */ = {
			isa = PBXVariantGroup;
			children = (
				AB802EC018109E5200E04D11 /* en */,
			);
			name = InfoPlist.strings;
			sourceTree = "<group>";
		};
/* End PBXVariantGroup section */

/* Begin XCBuildConfiguration section */
		AB802EC418109E5200E04D11 /* Debug */ = {
			isa = XCBuildConfiguration;
			buildSettings = {
				ALWAYS_SEARCH_USER_PATHS = NO;
				ARCHS = "$(ARCHS_STANDARD_INCLUDING_64_BIT)";
				CLANG_CXX_LANGUAGE_STANDARD = "gnu++0x";
				CLANG_CXX_LIBRARY = "libc++";
				CLANG_ENABLE_MODULES = YES;
				CLANG_ENABLE_OBJC_ARC = YES;
				CLANG_WARN_BOOL_CONVERSION = YES;
				CLANG_WARN_CONSTANT_CONVERSION = YES;
				CLANG_WARN_DIRECT_OBJC_ISA_USAGE = YES_ERROR;
				CLANG_WARN_EMPTY_BODY = YES;
				CLANG_WARN_ENUM_CONVERSION = YES;
				CLANG_WARN_INT_CONVERSION = YES;
				CLANG_WARN_OBJC_ROOT_CLASS = YES_ERROR;
				CLANG_WARN__DUPLICATE_METHOD_MATCH = YES;
				"CODE_SIGN_IDENTITY[sdk=iphoneos*]" = "iPhone Developer";
				COPY_PHASE_STRIP = NO;
				GCC_C_LANGUAGE_STANDARD = gnu99;
				GCC_DYNAMIC_NO_PIC = NO;
				GCC_OPTIMIZATION_LEVEL = 0;
				GCC_PREPROCESSOR_DEFINITIONS = (
					"DEBUG=1",
					"$(inherited)",
				);
				GCC_SYMBOLS_PRIVATE_EXTERN = NO;
				GCC_WARN_64_TO_32_BIT_CONVERSION = YES;
				GCC_WARN_ABOUT_RETURN_TYPE = YES_ERROR;
				GCC_WARN_UNDECLARED_SELECTOR = YES;
				GCC_WARN_UNINITIALIZED_AUTOS = YES;
				GCC_WARN_UNUSED_FUNCTION = YES;
				GCC_WARN_UNUSED_VARIABLE = YES;
				IPHONEOS_DEPLOYMENT_TARGET = 7.0;
				ONLY_ACTIVE_ARCH = YES;
				SDKROOT = iphoneos;
				TARGETED_DEVICE_FAMILY = "1,2";
			};
			name = Debug;
		};
		AB802EC518109E5200E04D11 /* Release */ = {
			isa = XCBuildConfiguration;
			buildSettings = {
				ALWAYS_SEARCH_USER_PATHS = NO;
				ARCHS = "$(ARCHS_STANDARD_INCLUDING_64_BIT)";
				CLANG_CXX_LANGUAGE_STANDARD = "gnu++0x";
				CLANG_CXX_LIBRARY = "libc++";
				CLANG_ENABLE_MODULES = YES;
				CLANG_ENABLE_OBJC_ARC = YES;
				CLANG_WARN_BOOL_CONVERSION = YES;
				CLANG_WARN_CONSTANT_CONVERSION = YES;
				CLANG_WARN_DIRECT_OBJC_ISA_USAGE = YES_ERROR;
				CLANG_WARN_EMPTY_BODY = YES;
				CLANG_WARN_ENUM_CONVERSION = YES;
				CLANG_WARN_INT_CONVERSION = YES;
				CLANG_WARN_OBJC_ROOT_CLASS = YES_ERROR;
				CLANG_WARN__DUPLICATE_METHOD_MATCH = YES;
				"CODE_SIGN_IDENTITY[sdk=iphoneos*]" = "iPhone Developer";
				COPY_PHASE_STRIP = YES;
				ENABLE_NS_ASSERTIONS = NO;
				GCC_C_LANGUAGE_STANDARD = gnu99;
				GCC_WARN_64_TO_32_BIT_CONVERSION = YES;
				GCC_WARN_ABOUT_RETURN_TYPE = YES_ERROR;
				GCC_WARN_UNDECLARED_SELECTOR = YES;
				GCC_WARN_UNINITIALIZED_AUTOS = YES;
				GCC_WARN_UNUSED_FUNCTION = YES;
				GCC_WARN_UNUSED_VARIABLE = YES;
				IPHONEOS_DEPLOYMENT_TARGET = 7.0;
				SDKROOT = iphoneos;
				TARGETED_DEVICE_FAMILY = "1,2";
				VALIDATE_PRODUCT = YES;
			};
			name = Release;
		};
		AB802EC718109E5200E04D11 /* Debug */ = {
			isa = XCBuildConfiguration;
			buildSettings = {
				ASSETCATALOG_COMPILER_APPICON_NAME = AppIcon;
				ASSETCATALOG_COMPILER_LAUNCHIMAGE_NAME = LaunchImage;
				CODE_SIGN_IDENTITY = "iPhone Developer: Tommy Dang (FZP2738S6Z)";
				"CODE_SIGN_IDENTITY[sdk=iphoneos*]" = "iPhone Developer: Tommy Dang (FZP2738S6Z)";
				FRAMEWORK_SEARCH_PATHS = (
					"$(inherited)",
					/Users/tommydangerous/Dropbox/Xcode/OnMyBlock/FacebookSDK,
					/Users/tommydangerous/Dropbox/Xcode/OnMyBlock,
				);
				GCC_PRECOMPILE_PREFIX_HEADER = YES;
				GCC_PREFIX_HEADER = "OnMyBlock/OnMyBlock-Prefix.pch";
				INFOPLIST_FILE = "OnMyBlock/OnMyBlock-Info.plist";
				LIBRARY_SEARCH_PATHS = (
					"$(inherited)",
					/Users/tommydangerous/Dropbox/Xcode/OnMyBlock/GoogleAnalytics,
				);
				PRODUCT_NAME = "$(TARGET_NAME)";
				PROVISIONING_PROFILE = "C3C1CD90-6191-4D07-A720-54C885774697";
				VALID_ARCHS = "armv7 armv7s";
				WRAPPER_EXTENSION = app;
			};
			name = Debug;
		};
		AB802EC818109E5200E04D11 /* Release */ = {
			isa = XCBuildConfiguration;
			buildSettings = {
				ASSETCATALOG_COMPILER_APPICON_NAME = AppIcon;
				ASSETCATALOG_COMPILER_LAUNCHIMAGE_NAME = LaunchImage;
				CODE_SIGN_IDENTITY = "iPhone Distribution: On My Block LLC (4PZFNY43X2)";
				"CODE_SIGN_IDENTITY[sdk=iphoneos*]" = "iPhone Distribution: On My Block LLC (4PZFNY43X2)";
				FRAMEWORK_SEARCH_PATHS = (
					"$(inherited)",
					/Users/tommydangerous/Dropbox/Xcode/OnMyBlock/FacebookSDK,
					/Users/tommydangerous/Dropbox/Xcode/OnMyBlock,
				);
				GCC_PRECOMPILE_PREFIX_HEADER = YES;
				GCC_PREFIX_HEADER = "OnMyBlock/OnMyBlock-Prefix.pch";
				INFOPLIST_FILE = "OnMyBlock/OnMyBlock-Info.plist";
				LIBRARY_SEARCH_PATHS = (
					"$(inherited)",
					/Users/tommydangerous/Dropbox/Xcode/OnMyBlock/GoogleAnalytics,
				);
				PRODUCT_NAME = "$(TARGET_NAME)";
				PROVISIONING_PROFILE = "1D67A8C8-C7C1-4C92-A4E9-21CDCC070DC3";
				VALID_ARCHS = "armv7 armv7s";
				WRAPPER_EXTENSION = app;
			};
			name = Release;
		};
		AB802ECA18109E5200E04D11 /* Debug */ = {
			isa = XCBuildConfiguration;
			buildSettings = {
				ARCHS = "$(ARCHS_STANDARD_INCLUDING_64_BIT)";
				BUNDLE_LOADER = "$(BUILT_PRODUCTS_DIR)/OnMyBlock.app/OnMyBlock";
				FRAMEWORK_SEARCH_PATHS = (
					"$(SDKROOT)/Developer/Library/Frameworks",
					"$(inherited)",
					"$(DEVELOPER_FRAMEWORKS_DIR)",
				);
				GCC_PRECOMPILE_PREFIX_HEADER = YES;
				GCC_PREFIX_HEADER = "OnMyBlock/OnMyBlock-Prefix.pch";
				GCC_PREPROCESSOR_DEFINITIONS = (
					"DEBUG=1",
					"$(inherited)",
				);
				INFOPLIST_FILE = "OnMyBlockTests/OnMyBlockTests-Info.plist";
				PRODUCT_NAME = "$(TARGET_NAME)";
				TEST_HOST = "$(BUNDLE_LOADER)";
				WRAPPER_EXTENSION = xctest;
			};
			name = Debug;
		};
		AB802ECB18109E5200E04D11 /* Release */ = {
			isa = XCBuildConfiguration;
			buildSettings = {
				ARCHS = "$(ARCHS_STANDARD_INCLUDING_64_BIT)";
				BUNDLE_LOADER = "$(BUILT_PRODUCTS_DIR)/OnMyBlock.app/OnMyBlock";
				FRAMEWORK_SEARCH_PATHS = (
					"$(SDKROOT)/Developer/Library/Frameworks",
					"$(inherited)",
					"$(DEVELOPER_FRAMEWORKS_DIR)",
				);
				GCC_PRECOMPILE_PREFIX_HEADER = YES;
				GCC_PREFIX_HEADER = "OnMyBlock/OnMyBlock-Prefix.pch";
				INFOPLIST_FILE = "OnMyBlockTests/OnMyBlockTests-Info.plist";
				PRODUCT_NAME = "$(TARGET_NAME)";
				TEST_HOST = "$(BUNDLE_LOADER)";
				WRAPPER_EXTENSION = xctest;
			};
			name = Release;
		};
/* End XCBuildConfiguration section */

/* Begin XCConfigurationList section */
		AB802E9518109E5200E04D11 /* Build configuration list for PBXProject "OnMyBlock" */ = {
			isa = XCConfigurationList;
			buildConfigurations = (
				AB802EC418109E5200E04D11 /* Debug */,
				AB802EC518109E5200E04D11 /* Release */,
			);
			defaultConfigurationIsVisible = 0;
			defaultConfigurationName = Release;
		};
		AB802EC618109E5200E04D11 /* Build configuration list for PBXNativeTarget "OnMyBlock" */ = {
			isa = XCConfigurationList;
			buildConfigurations = (
				AB802EC718109E5200E04D11 /* Debug */,
				AB802EC818109E5200E04D11 /* Release */,
			);
			defaultConfigurationIsVisible = 0;
			defaultConfigurationName = Release;
		};
		AB802EC918109E5200E04D11 /* Build configuration list for PBXNativeTarget "OnMyBlockTests" */ = {
			isa = XCConfigurationList;
			buildConfigurations = (
				AB802ECA18109E5200E04D11 /* Debug */,
				AB802ECB18109E5200E04D11 /* Release */,
			);
			defaultConfigurationIsVisible = 0;
			defaultConfigurationName = Release;
		};
/* End XCConfigurationList section */
	};
	rootObject = AB802E9218109E5200E04D11 /* Project object */;
}
